
Microsoft Visual Studio Solution File, Format Version 12.00
# Visual Studio 15
VisualStudioVersion = 15.0.26430.16
MinimumVisualStudioVersion = 10.0.40219.1
Project("{FAE04EC0-301F-11D3-BF4B-00C04F79EFBC}") = "GatelessGateSharp", "GatelessGateSharp\GatelessGateSharp.csproj", "{5C6B25E1-991B-4A2A-B9D3-8F5E672384FD}"
	ProjectSection(ProjectDependencies) = postProject
		{5677641C-725E-4A22-A441-AC8FEFA214FD} = {5677641C-725E-4A22-A441-AC8FEFA214FD}
		{0963014C-3F95-4F5A-B12A-03F6F5A1D8F0} = {0963014C-3F95-4F5A-B12A-03F6F5A1D8F0}
		{8270FCD3-8195-4761-95E1-2BFF95CCD876} = {8270FCD3-8195-4761-95E1-2BFF95CCD876}
	EndProjectSection
EndProject
Project("{8BC9CEB8-8B4A-11D0-8D11-00A0C91BC942}") = "PhyMem", "phymem\phymem.vcxproj", "{8270FCD3-8195-4761-95E1-2BFF95CCD876}"
EndProject
Project("{8BC9CEB8-8B4A-11D0-8D11-00A0C91BC942}") = "PhyMemWrapper", "phymem_wrapper\phymem_wrapper.vcxproj", "{5677641C-725E-4A22-A441-AC8FEFA214FD}"
EndProject
Project("{FAE04EC0-301F-11D3-BF4B-00C04F79EFBC}") = "GatelessGateSharpMonitor", "GatelessGateSharpMonitor\GatelessGateSharpMonitor.csproj", "{0963014C-3F95-4F5A-B12A-03F6F5A1D8F0}"
EndProject
Project("{2150E333-8FDC-42A3-9474-1A3956D46DE8}") = "Solution Items", "Solution Items", "{155B4298-BFA8-480E-A595-2A9EB93E3855}"
	ProjectSection(SolutionItems) = preProject
		GatelessGateSharp\bin\PrepareRelease.bat = GatelessGateSharp\bin\PrepareRelease.bat
		README.md = README.md
	EndProjectSection
EndProject
Project("{930C7802-8A8C-48F9-8165-68863BCCD9DD}") = "WiXSetup", "WiXSetup\WiXSetup.wixproj", "{5E4C431D-1E37-4909-B4DC-F13D123C2DBA}"
EndProject
Global
	GlobalSection(SolutionConfigurationPlatforms) = preSolution
		Debug|Any CPU = Debug|Any CPU
		Debug|Mixed Platforms = Debug|Mixed Platforms
		Debug|x64 = Debug|x64
		Debug|x86 = Debug|x86
		MinSizeRel|Any CPU = MinSizeRel|Any CPU
		MinSizeRel|Mixed Platforms = MinSizeRel|Mixed Platforms
		MinSizeRel|x64 = MinSizeRel|x64
		MinSizeRel|x86 = MinSizeRel|x86
		Release|Any CPU = Release|Any CPU
		Release|Mixed Platforms = Release|Mixed Platforms
		Release|x64 = Release|x64
		Release|x86 = Release|x86
		RelTest|Any CPU = RelTest|Any CPU
		RelTest|Mixed Platforms = RelTest|Mixed Platforms
		RelTest|x64 = RelTest|x64
		RelTest|x86 = RelTest|x86
		RelWDbg|Any CPU = RelWDbg|Any CPU
		RelWDbg|Mixed Platforms = RelWDbg|Mixed Platforms
		RelWDbg|x64 = RelWDbg|x64
		RelWDbg|x86 = RelWDbg|x86
		RelWithDebInfo|Any CPU = RelWithDebInfo|Any CPU
		RelWithDebInfo|Mixed Platforms = RelWithDebInfo|Mixed Platforms
		RelWithDebInfo|x64 = RelWithDebInfo|x64
		RelWithDebInfo|x86 = RelWithDebInfo|x86
		Win7 Debug|Any CPU = Win7 Debug|Any CPU
		Win7 Debug|Mixed Platforms = Win7 Debug|Mixed Platforms
		Win7 Debug|x64 = Win7 Debug|x64
		Win7 Debug|x86 = Win7 Debug|x86
		Win7 Release|Any CPU = Win7 Release|Any CPU
		Win7 Release|Mixed Platforms = Win7 Release|Mixed Platforms
		Win7 Release|x64 = Win7 Release|x64
		Win7 Release|x86 = Win7 Release|x86
		Win8 Debug|Any CPU = Win8 Debug|Any CPU
		Win8 Debug|Mixed Platforms = Win8 Debug|Mixed Platforms
		Win8 Debug|x64 = Win8 Debug|x64
		Win8 Debug|x86 = Win8 Debug|x86
		Win8 Release|Any CPU = Win8 Release|Any CPU
		Win8 Release|Mixed Platforms = Win8 Release|Mixed Platforms
		Win8 Release|x64 = Win8 Release|x64
		Win8 Release|x86 = Win8 Release|x86
		Win8.1 Debug|Any CPU = Win8.1 Debug|Any CPU
		Win8.1 Debug|Mixed Platforms = Win8.1 Debug|Mixed Platforms
		Win8.1 Debug|x64 = Win8.1 Debug|x64
		Win8.1 Debug|x86 = Win8.1 Debug|x86
		Win8.1 Release|Any CPU = Win8.1 Release|Any CPU
		Win8.1 Release|Mixed Platforms = Win8.1 Release|Mixed Platforms
		Win8.1 Release|x64 = Win8.1 Release|x64
		Win8.1 Release|x86 = Win8.1 Release|x86
	EndGlobalSection
	GlobalSection(ProjectConfigurationPlatforms) = postSolution
		{5C6B25E1-991B-4A2A-B9D3-8F5E672384FD}.Debug|Any CPU.ActiveCfg = Debug|Any CPU
		{5C6B25E1-991B-4A2A-B9D3-8F5E672384FD}.Debug|Any CPU.Build.0 = Debug|Any CPU
		{5C6B25E1-991B-4A2A-B9D3-8F5E672384FD}.Debug|Mixed Platforms.ActiveCfg = Debug|Any CPU
		{5C6B25E1-991B-4A2A-B9D3-8F5E672384FD}.Debug|Mixed Platforms.Build.0 = Debug|Any CPU
		{5C6B25E1-991B-4A2A-B9D3-8F5E672384FD}.Debug|x64.ActiveCfg = Debug|Any CPU
		{5C6B25E1-991B-4A2A-B9D3-8F5E672384FD}.Debug|x86.ActiveCfg = Debug|Any CPU
		{5C6B25E1-991B-4A2A-B9D3-8F5E672384FD}.Debug|x86.Build.0 = Debug|Any CPU
		{5C6B25E1-991B-4A2A-B9D3-8F5E672384FD}.MinSizeRel|Any CPU.ActiveCfg = ReleaseCL|Any CPU
		{5C6B25E1-991B-4A2A-B9D3-8F5E672384FD}.MinSizeRel|Any CPU.Build.0 = ReleaseCL|Any CPU
		{5C6B25E1-991B-4A2A-B9D3-8F5E672384FD}.MinSizeRel|Mixed Platforms.ActiveCfg = ReleaseCL|Any CPU
		{5C6B25E1-991B-4A2A-B9D3-8F5E672384FD}.MinSizeRel|Mixed Platforms.Build.0 = ReleaseCL|Any CPU
		{5C6B25E1-991B-4A2A-B9D3-8F5E672384FD}.MinSizeRel|x64.ActiveCfg = ReleaseCL|Any CPU
		{5C6B25E1-991B-4A2A-B9D3-8F5E672384FD}.MinSizeRel|x64.Build.0 = ReleaseCL|Any CPU
		{5C6B25E1-991B-4A2A-B9D3-8F5E672384FD}.MinSizeRel|x86.ActiveCfg = Release|Any CPU
		{5C6B25E1-991B-4A2A-B9D3-8F5E672384FD}.MinSizeRel|x86.Build.0 = Release|Any CPU
		{5C6B25E1-991B-4A2A-B9D3-8F5E672384FD}.Release|Any CPU.ActiveCfg = Release|Any CPU
		{5C6B25E1-991B-4A2A-B9D3-8F5E672384FD}.Release|Any CPU.Build.0 = Release|Any CPU
		{5C6B25E1-991B-4A2A-B9D3-8F5E672384FD}.Release|Mixed Platforms.ActiveCfg = Release|Any CPU
		{5C6B25E1-991B-4A2A-B9D3-8F5E672384FD}.Release|Mixed Platforms.Build.0 = Release|Any CPU
		{5C6B25E1-991B-4A2A-B9D3-8F5E672384FD}.Release|x64.ActiveCfg = Release|Any CPU
		{5C6B25E1-991B-4A2A-B9D3-8F5E672384FD}.Release|x86.ActiveCfg = Release|Any CPU
		{5C6B25E1-991B-4A2A-B9D3-8F5E672384FD}.Release|x86.Build.0 = Release|Any CPU
		{5C6B25E1-991B-4A2A-B9D3-8F5E672384FD}.RelTest|Any CPU.ActiveCfg = Release|Any CPU
		{5C6B25E1-991B-4A2A-B9D3-8F5E672384FD}.RelTest|Any CPU.Build.0 = Release|Any CPU
		{5C6B25E1-991B-4A2A-B9D3-8F5E672384FD}.RelTest|Mixed Platforms.ActiveCfg = Release|Any CPU
		{5C6B25E1-991B-4A2A-B9D3-8F5E672384FD}.RelTest|Mixed Platforms.Build.0 = Release|Any CPU
		{5C6B25E1-991B-4A2A-B9D3-8F5E672384FD}.RelTest|x64.ActiveCfg = Release|Any CPU
		{5C6B25E1-991B-4A2A-B9D3-8F5E672384FD}.RelTest|x86.ActiveCfg = Release|Any CPU
		{5C6B25E1-991B-4A2A-B9D3-8F5E672384FD}.RelTest|x86.Build.0 = Release|Any CPU
		{5C6B25E1-991B-4A2A-B9D3-8F5E672384FD}.RelWDbg|Any CPU.ActiveCfg = Release|Any CPU
		{5C6B25E1-991B-4A2A-B9D3-8F5E672384FD}.RelWDbg|Any CPU.Build.0 = Release|Any CPU
		{5C6B25E1-991B-4A2A-B9D3-8F5E672384FD}.RelWDbg|Mixed Platforms.ActiveCfg = Release|Any CPU
		{5C6B25E1-991B-4A2A-B9D3-8F5E672384FD}.RelWDbg|Mixed Platforms.Build.0 = Release|Any CPU
		{5C6B25E1-991B-4A2A-B9D3-8F5E672384FD}.RelWDbg|x64.ActiveCfg = Release|Any CPU
		{5C6B25E1-991B-4A2A-B9D3-8F5E672384FD}.RelWDbg|x86.ActiveCfg = Release|Any CPU
		{5C6B25E1-991B-4A2A-B9D3-8F5E672384FD}.RelWDbg|x86.Build.0 = Release|Any CPU
		{5C6B25E1-991B-4A2A-B9D3-8F5E672384FD}.RelWithDebInfo|Any CPU.ActiveCfg = ReleaseCL|Any CPU
		{5C6B25E1-991B-4A2A-B9D3-8F5E672384FD}.RelWithDebInfo|Any CPU.Build.0 = ReleaseCL|Any CPU
		{5C6B25E1-991B-4A2A-B9D3-8F5E672384FD}.RelWithDebInfo|Mixed Platforms.ActiveCfg = ReleaseCL|Any CPU
		{5C6B25E1-991B-4A2A-B9D3-8F5E672384FD}.RelWithDebInfo|Mixed Platforms.Build.0 = ReleaseCL|Any CPU
		{5C6B25E1-991B-4A2A-B9D3-8F5E672384FD}.RelWithDebInfo|x64.ActiveCfg = ReleaseCL|Any CPU
		{5C6B25E1-991B-4A2A-B9D3-8F5E672384FD}.RelWithDebInfo|x64.Build.0 = ReleaseCL|Any CPU
		{5C6B25E1-991B-4A2A-B9D3-8F5E672384FD}.RelWithDebInfo|x86.ActiveCfg = Release|Any CPU
		{5C6B25E1-991B-4A2A-B9D3-8F5E672384FD}.RelWithDebInfo|x86.Build.0 = Release|Any CPU
		{5C6B25E1-991B-4A2A-B9D3-8F5E672384FD}.Win7 Debug|Any CPU.ActiveCfg = Debug|Any CPU
		{5C6B25E1-991B-4A2A-B9D3-8F5E672384FD}.Win7 Debug|Any CPU.Build.0 = Debug|Any CPU
		{5C6B25E1-991B-4A2A-B9D3-8F5E672384FD}.Win7 Debug|Mixed Platforms.ActiveCfg = Debug|Any CPU
		{5C6B25E1-991B-4A2A-B9D3-8F5E672384FD}.Win7 Debug|Mixed Platforms.Build.0 = Debug|Any CPU
		{5C6B25E1-991B-4A2A-B9D3-8F5E672384FD}.Win7 Debug|x64.ActiveCfg = Debug|Any CPU
		{5C6B25E1-991B-4A2A-B9D3-8F5E672384FD}.Win7 Debug|x86.ActiveCfg = Debug|Any CPU
		{5C6B25E1-991B-4A2A-B9D3-8F5E672384FD}.Win7 Debug|x86.Build.0 = Debug|Any CPU
		{5C6B25E1-991B-4A2A-B9D3-8F5E672384FD}.Win7 Release|Any CPU.ActiveCfg = Release|Any CPU
		{5C6B25E1-991B-4A2A-B9D3-8F5E672384FD}.Win7 Release|Any CPU.Build.0 = Release|Any CPU
		{5C6B25E1-991B-4A2A-B9D3-8F5E672384FD}.Win7 Release|Mixed Platforms.ActiveCfg = Release|Any CPU
		{5C6B25E1-991B-4A2A-B9D3-8F5E672384FD}.Win7 Release|Mixed Platforms.Build.0 = Release|Any CPU
		{5C6B25E1-991B-4A2A-B9D3-8F5E672384FD}.Win7 Release|x64.ActiveCfg = Release|Any CPU
		{5C6B25E1-991B-4A2A-B9D3-8F5E672384FD}.Win7 Release|x86.ActiveCfg = Release|Any CPU
		{5C6B25E1-991B-4A2A-B9D3-8F5E672384FD}.Win7 Release|x86.Build.0 = Release|Any CPU
		{5C6B25E1-991B-4A2A-B9D3-8F5E672384FD}.Win8 Debug|Any CPU.ActiveCfg = Debug|Any CPU
		{5C6B25E1-991B-4A2A-B9D3-8F5E672384FD}.Win8 Debug|Any CPU.Build.0 = Debug|Any CPU
		{5C6B25E1-991B-4A2A-B9D3-8F5E672384FD}.Win8 Debug|Mixed Platforms.ActiveCfg = Debug|Any CPU
		{5C6B25E1-991B-4A2A-B9D3-8F5E672384FD}.Win8 Debug|Mixed Platforms.Build.0 = Debug|Any CPU
		{5C6B25E1-991B-4A2A-B9D3-8F5E672384FD}.Win8 Debug|x64.ActiveCfg = Debug|Any CPU
		{5C6B25E1-991B-4A2A-B9D3-8F5E672384FD}.Win8 Debug|x86.ActiveCfg = Debug|Any CPU
		{5C6B25E1-991B-4A2A-B9D3-8F5E672384FD}.Win8 Debug|x86.Build.0 = Debug|Any CPU
		{5C6B25E1-991B-4A2A-B9D3-8F5E672384FD}.Win8 Release|Any CPU.ActiveCfg = Release|Any CPU
		{5C6B25E1-991B-4A2A-B9D3-8F5E672384FD}.Win8 Release|Any CPU.Build.0 = Release|Any CPU
		{5C6B25E1-991B-4A2A-B9D3-8F5E672384FD}.Win8 Release|Mixed Platforms.ActiveCfg = Release|Any CPU
		{5C6B25E1-991B-4A2A-B9D3-8F5E672384FD}.Win8 Release|Mixed Platforms.Build.0 = Release|Any CPU
		{5C6B25E1-991B-4A2A-B9D3-8F5E672384FD}.Win8 Release|x64.ActiveCfg = Release|Any CPU
		{5C6B25E1-991B-4A2A-B9D3-8F5E672384FD}.Win8 Release|x86.ActiveCfg = Release|Any CPU
		{5C6B25E1-991B-4A2A-B9D3-8F5E672384FD}.Win8 Release|x86.Build.0 = Release|Any CPU
		{5C6B25E1-991B-4A2A-B9D3-8F5E672384FD}.Win8.1 Debug|Any CPU.ActiveCfg = Debug|Any CPU
		{5C6B25E1-991B-4A2A-B9D3-8F5E672384FD}.Win8.1 Debug|Any CPU.Build.0 = Debug|Any CPU
		{5C6B25E1-991B-4A2A-B9D3-8F5E672384FD}.Win8.1 Debug|Mixed Platforms.ActiveCfg = Debug|Any CPU
		{5C6B25E1-991B-4A2A-B9D3-8F5E672384FD}.Win8.1 Debug|Mixed Platforms.Build.0 = Debug|Any CPU
		{5C6B25E1-991B-4A2A-B9D3-8F5E672384FD}.Win8.1 Debug|x64.ActiveCfg = Debug|Any CPU
		{5C6B25E1-991B-4A2A-B9D3-8F5E672384FD}.Win8.1 Debug|x86.ActiveCfg = Debug|Any CPU
		{5C6B25E1-991B-4A2A-B9D3-8F5E672384FD}.Win8.1 Debug|x86.Build.0 = Debug|Any CPU
		{5C6B25E1-991B-4A2A-B9D3-8F5E672384FD}.Win8.1 Release|Any CPU.ActiveCfg = Release|Any CPU
		{5C6B25E1-991B-4A2A-B9D3-8F5E672384FD}.Win8.1 Release|Any CPU.Build.0 = Release|Any CPU
		{5C6B25E1-991B-4A2A-B9D3-8F5E672384FD}.Win8.1 Release|Mixed Platforms.ActiveCfg = Release|Any CPU
		{5C6B25E1-991B-4A2A-B9D3-8F5E672384FD}.Win8.1 Release|Mixed Platforms.Build.0 = Release|Any CPU
		{5C6B25E1-991B-4A2A-B9D3-8F5E672384FD}.Win8.1 Release|x64.ActiveCfg = Release|Any CPU
		{5C6B25E1-991B-4A2A-B9D3-8F5E672384FD}.Win8.1 Release|x86.ActiveCfg = Release|Any CPU
		{5C6B25E1-991B-4A2A-B9D3-8F5E672384FD}.Win8.1 Release|x86.Build.0 = Release|Any CPU
		{8270FCD3-8195-4761-95E1-2BFF95CCD876}.Debug|Any CPU.ActiveCfg = Debug|x64
		{8270FCD3-8195-4761-95E1-2BFF95CCD876}.Debug|Mixed Platforms.ActiveCfg = Debug|x64
		{8270FCD3-8195-4761-95E1-2BFF95CCD876}.Debug|Mixed Platforms.Build.0 = Debug|x64
		{8270FCD3-8195-4761-95E1-2BFF95CCD876}.Debug|x64.ActiveCfg = Debug|x64
		{8270FCD3-8195-4761-95E1-2BFF95CCD876}.Debug|x64.Build.0 = Debug|x64
		{8270FCD3-8195-4761-95E1-2BFF95CCD876}.Debug|x64.Deploy.0 = Debug|x64
		{8270FCD3-8195-4761-95E1-2BFF95CCD876}.Debug|x86.ActiveCfg = Debug|Win32
		{8270FCD3-8195-4761-95E1-2BFF95CCD876}.Debug|x86.Build.0 = Debug|Win32
		{8270FCD3-8195-4761-95E1-2BFF95CCD876}.MinSizeRel|Any CPU.ActiveCfg = RelWDbg|x64
		{8270FCD3-8195-4761-95E1-2BFF95CCD876}.MinSizeRel|Any CPU.Build.0 = RelWDbg|x64
		{8270FCD3-8195-4761-95E1-2BFF95CCD876}.MinSizeRel|Mixed Platforms.ActiveCfg = RelWDbg|Win32
		{8270FCD3-8195-4761-95E1-2BFF95CCD876}.MinSizeRel|Mixed Platforms.Build.0 = RelWDbg|Win32
		{8270FCD3-8195-4761-95E1-2BFF95CCD876}.MinSizeRel|x64.ActiveCfg = RelWDbg|x64
		{8270FCD3-8195-4761-95E1-2BFF95CCD876}.MinSizeRel|x64.Build.0 = RelWDbg|x64
		{8270FCD3-8195-4761-95E1-2BFF95CCD876}.MinSizeRel|x86.ActiveCfg = Release|Win32
		{8270FCD3-8195-4761-95E1-2BFF95CCD876}.MinSizeRel|x86.Build.0 = Release|Win32
		{8270FCD3-8195-4761-95E1-2BFF95CCD876}.Release|Any CPU.ActiveCfg = Release|x64
		{8270FCD3-8195-4761-95E1-2BFF95CCD876}.Release|Mixed Platforms.ActiveCfg = Release|x64
		{8270FCD3-8195-4761-95E1-2BFF95CCD876}.Release|Mixed Platforms.Build.0 = Release|x64
		{8270FCD3-8195-4761-95E1-2BFF95CCD876}.Release|x64.ActiveCfg = Release|x64
		{8270FCD3-8195-4761-95E1-2BFF95CCD876}.Release|x64.Build.0 = Release|x64
		{8270FCD3-8195-4761-95E1-2BFF95CCD876}.Release|x86.ActiveCfg = Release|Win32
		{8270FCD3-8195-4761-95E1-2BFF95CCD876}.Release|x86.Build.0 = Release|Win32
		{8270FCD3-8195-4761-95E1-2BFF95CCD876}.RelTest|Any CPU.ActiveCfg = RelTest|Win32
		{8270FCD3-8195-4761-95E1-2BFF95CCD876}.RelTest|Mixed Platforms.ActiveCfg = RelTest|Win32
		{8270FCD3-8195-4761-95E1-2BFF95CCD876}.RelTest|Mixed Platforms.Build.0 = RelTest|Win32
		{8270FCD3-8195-4761-95E1-2BFF95CCD876}.RelTest|Mixed Platforms.Deploy.0 = RelTest|Win32
		{8270FCD3-8195-4761-95E1-2BFF95CCD876}.RelTest|x64.ActiveCfg = RelTest|x64
		{8270FCD3-8195-4761-95E1-2BFF95CCD876}.RelTest|x64.Build.0 = RelTest|x64
		{8270FCD3-8195-4761-95E1-2BFF95CCD876}.RelTest|x64.Deploy.0 = RelTest|x64
		{8270FCD3-8195-4761-95E1-2BFF95CCD876}.RelTest|x86.ActiveCfg = RelTest|Win32
		{8270FCD3-8195-4761-95E1-2BFF95CCD876}.RelTest|x86.Build.0 = RelTest|Win32
		{8270FCD3-8195-4761-95E1-2BFF95CCD876}.RelWDbg|Any CPU.ActiveCfg = RelWDbg|Win32
		{8270FCD3-8195-4761-95E1-2BFF95CCD876}.RelWDbg|Mixed Platforms.ActiveCfg = RelWDbg|Win32
		{8270FCD3-8195-4761-95E1-2BFF95CCD876}.RelWDbg|Mixed Platforms.Build.0 = RelWDbg|Win32
		{8270FCD3-8195-4761-95E1-2BFF95CCD876}.RelWDbg|Mixed Platforms.Deploy.0 = RelWDbg|Win32
		{8270FCD3-8195-4761-95E1-2BFF95CCD876}.RelWDbg|x64.ActiveCfg = RelWDbg|x64
		{8270FCD3-8195-4761-95E1-2BFF95CCD876}.RelWDbg|x64.Build.0 = RelWDbg|x64
		{8270FCD3-8195-4761-95E1-2BFF95CCD876}.RelWDbg|x64.Deploy.0 = RelWDbg|x64
		{8270FCD3-8195-4761-95E1-2BFF95CCD876}.RelWDbg|x86.ActiveCfg = RelWDbg|Win32
		{8270FCD3-8195-4761-95E1-2BFF95CCD876}.RelWDbg|x86.Build.0 = RelWDbg|Win32
		{8270FCD3-8195-4761-95E1-2BFF95CCD876}.RelWithDebInfo|Any CPU.ActiveCfg = RelWDbg|x64
		{8270FCD3-8195-4761-95E1-2BFF95CCD876}.RelWithDebInfo|Any CPU.Build.0 = RelWDbg|x64
		{8270FCD3-8195-4761-95E1-2BFF95CCD876}.RelWithDebInfo|Mixed Platforms.ActiveCfg = RelWDbg|Win32
		{8270FCD3-8195-4761-95E1-2BFF95CCD876}.RelWithDebInfo|Mixed Platforms.Build.0 = RelWDbg|Win32
		{8270FCD3-8195-4761-95E1-2BFF95CCD876}.RelWithDebInfo|x64.ActiveCfg = RelWDbg|x64
		{8270FCD3-8195-4761-95E1-2BFF95CCD876}.RelWithDebInfo|x64.Build.0 = RelWDbg|x64
		{8270FCD3-8195-4761-95E1-2BFF95CCD876}.RelWithDebInfo|x86.ActiveCfg = RelWDbg|Win32
		{8270FCD3-8195-4761-95E1-2BFF95CCD876}.RelWithDebInfo|x86.Build.0 = RelWDbg|Win32
		{8270FCD3-8195-4761-95E1-2BFF95CCD876}.Win7 Debug|Any CPU.ActiveCfg = Debug|Win32
		{8270FCD3-8195-4761-95E1-2BFF95CCD876}.Win7 Debug|Mixed Platforms.ActiveCfg = Debug|Win32
		{8270FCD3-8195-4761-95E1-2BFF95CCD876}.Win7 Debug|Mixed Platforms.Build.0 = Debug|Win32
		{8270FCD3-8195-4761-95E1-2BFF95CCD876}.Win7 Debug|x64.ActiveCfg = Debug|x64
		{8270FCD3-8195-4761-95E1-2BFF95CCD876}.Win7 Debug|x64.Build.0 = Debug|x64
		{8270FCD3-8195-4761-95E1-2BFF95CCD876}.Win7 Debug|x86.ActiveCfg = Debug|Win32
		{8270FCD3-8195-4761-95E1-2BFF95CCD876}.Win7 Debug|x86.Build.0 = Debug|Win32
		{8270FCD3-8195-4761-95E1-2BFF95CCD876}.Win7 Release|Any CPU.ActiveCfg = Release|Win32
		{8270FCD3-8195-4761-95E1-2BFF95CCD876}.Win7 Release|Mixed Platforms.ActiveCfg = Release|Win32
		{8270FCD3-8195-4761-95E1-2BFF95CCD876}.Win7 Release|Mixed Platforms.Build.0 = Release|Win32
		{8270FCD3-8195-4761-95E1-2BFF95CCD876}.Win7 Release|x64.ActiveCfg = Release|x64
		{8270FCD3-8195-4761-95E1-2BFF95CCD876}.Win7 Release|x64.Build.0 = Release|x64
		{8270FCD3-8195-4761-95E1-2BFF95CCD876}.Win7 Release|x86.ActiveCfg = Release|Win32
		{8270FCD3-8195-4761-95E1-2BFF95CCD876}.Win7 Release|x86.Build.0 = Release|Win32
		{8270FCD3-8195-4761-95E1-2BFF95CCD876}.Win8 Debug|Any CPU.ActiveCfg = Debug|Win32
		{8270FCD3-8195-4761-95E1-2BFF95CCD876}.Win8 Debug|Mixed Platforms.ActiveCfg = Debug|Win32
		{8270FCD3-8195-4761-95E1-2BFF95CCD876}.Win8 Debug|Mixed Platforms.Build.0 = Debug|Win32
		{8270FCD3-8195-4761-95E1-2BFF95CCD876}.Win8 Debug|x64.ActiveCfg = Debug|x64
		{8270FCD3-8195-4761-95E1-2BFF95CCD876}.Win8 Debug|x64.Build.0 = Debug|x64
		{8270FCD3-8195-4761-95E1-2BFF95CCD876}.Win8 Debug|x86.ActiveCfg = Debug|Win32
		{8270FCD3-8195-4761-95E1-2BFF95CCD876}.Win8 Debug|x86.Build.0 = Debug|Win32
		{8270FCD3-8195-4761-95E1-2BFF95CCD876}.Win8 Release|Any CPU.ActiveCfg = Release|Win32
		{8270FCD3-8195-4761-95E1-2BFF95CCD876}.Win8 Release|Mixed Platforms.ActiveCfg = Release|Win32
		{8270FCD3-8195-4761-95E1-2BFF95CCD876}.Win8 Release|Mixed Platforms.Build.0 = Release|Win32
		{8270FCD3-8195-4761-95E1-2BFF95CCD876}.Win8 Release|x64.ActiveCfg = Release|x64
		{8270FCD3-8195-4761-95E1-2BFF95CCD876}.Win8 Release|x64.Build.0 = Release|x64
		{8270FCD3-8195-4761-95E1-2BFF95CCD876}.Win8 Release|x86.ActiveCfg = Release|Win32
		{8270FCD3-8195-4761-95E1-2BFF95CCD876}.Win8 Release|x86.Build.0 = Release|Win32
		{8270FCD3-8195-4761-95E1-2BFF95CCD876}.Win8.1 Debug|Any CPU.ActiveCfg = Debug|Win32
		{8270FCD3-8195-4761-95E1-2BFF95CCD876}.Win8.1 Debug|Mixed Platforms.ActiveCfg = Debug|Win32
		{8270FCD3-8195-4761-95E1-2BFF95CCD876}.Win8.1 Debug|Mixed Platforms.Build.0 = Debug|Win32
		{8270FCD3-8195-4761-95E1-2BFF95CCD876}.Win8.1 Debug|x64.ActiveCfg = Debug|x64
		{8270FCD3-8195-4761-95E1-2BFF95CCD876}.Win8.1 Debug|x64.Build.0 = Debug|x64
		{8270FCD3-8195-4761-95E1-2BFF95CCD876}.Win8.1 Debug|x86.ActiveCfg = Debug|Win32
		{8270FCD3-8195-4761-95E1-2BFF95CCD876}.Win8.1 Debug|x86.Build.0 = Debug|Win32
		{8270FCD3-8195-4761-95E1-2BFF95CCD876}.Win8.1 Release|Any CPU.ActiveCfg = Release|Win32
		{8270FCD3-8195-4761-95E1-2BFF95CCD876}.Win8.1 Release|Mixed Platforms.ActiveCfg = Release|Win32
		{8270FCD3-8195-4761-95E1-2BFF95CCD876}.Win8.1 Release|Mixed Platforms.Build.0 = Release|Win32
		{8270FCD3-8195-4761-95E1-2BFF95CCD876}.Win8.1 Release|x64.ActiveCfg = Release|x64
		{8270FCD3-8195-4761-95E1-2BFF95CCD876}.Win8.1 Release|x64.Build.0 = Release|x64
		{8270FCD3-8195-4761-95E1-2BFF95CCD876}.Win8.1 Release|x86.ActiveCfg = Release|Win32
		{8270FCD3-8195-4761-95E1-2BFF95CCD876}.Win8.1 Release|x86.Build.0 = Release|Win32
		{5677641C-725E-4A22-A441-AC8FEFA214FD}.Debug|Any CPU.ActiveCfg = Win8.1 Debug|x64
		{5677641C-725E-4A22-A441-AC8FEFA214FD}.Debug|Mixed Platforms.ActiveCfg = Win8.1 Debug|x64
		{5677641C-725E-4A22-A441-AC8FEFA214FD}.Debug|Mixed Platforms.Build.0 = Win8.1 Debug|x64
		{5677641C-725E-4A22-A441-AC8FEFA214FD}.Debug|x64.ActiveCfg = Win8.1 Debug|x64
		{5677641C-725E-4A22-A441-AC8FEFA214FD}.Debug|x64.Build.0 = Win8.1 Debug|x64
		{5677641C-725E-4A22-A441-AC8FEFA214FD}.Debug|x86.ActiveCfg = Win8.1 Debug|Win32
		{5677641C-725E-4A22-A441-AC8FEFA214FD}.Debug|x86.Build.0 = Win8.1 Debug|Win32
		{5677641C-725E-4A22-A441-AC8FEFA214FD}.MinSizeRel|Any CPU.ActiveCfg = Win8 Release|x64
		{5677641C-725E-4A22-A441-AC8FEFA214FD}.MinSizeRel|Any CPU.Build.0 = Win8 Release|x64
		{5677641C-725E-4A22-A441-AC8FEFA214FD}.MinSizeRel|Mixed Platforms.ActiveCfg = Win8 Release|Win32
		{5677641C-725E-4A22-A441-AC8FEFA214FD}.MinSizeRel|Mixed Platforms.Build.0 = Win8 Release|Win32
		{5677641C-725E-4A22-A441-AC8FEFA214FD}.MinSizeRel|x64.ActiveCfg = Win8 Release|x64
		{5677641C-725E-4A22-A441-AC8FEFA214FD}.MinSizeRel|x64.Build.0 = Win8 Release|x64
		{5677641C-725E-4A22-A441-AC8FEFA214FD}.MinSizeRel|x86.ActiveCfg = Win8.1 Debug|Win32
		{5677641C-725E-4A22-A441-AC8FEFA214FD}.MinSizeRel|x86.Build.0 = Win8.1 Debug|Win32
		{5677641C-725E-4A22-A441-AC8FEFA214FD}.Release|Any CPU.ActiveCfg = Win8.1 Release|x64
		{5677641C-725E-4A22-A441-AC8FEFA214FD}.Release|Any CPU.Build.0 = Win8.1 Release|x64
		{5677641C-725E-4A22-A441-AC8FEFA214FD}.Release|Mixed Platforms.ActiveCfg = Win8.1 Release|x64
		{5677641C-725E-4A22-A441-AC8FEFA214FD}.Release|Mixed Platforms.Build.0 = Win8.1 Release|x64
		{5677641C-725E-4A22-A441-AC8FEFA214FD}.Release|x64.ActiveCfg = Win8.1 Release|x64
		{5677641C-725E-4A22-A441-AC8FEFA214FD}.Release|x64.Build.0 = Win8.1 Release|x64
		{5677641C-725E-4A22-A441-AC8FEFA214FD}.Release|x86.ActiveCfg = Win7 Release|Win32
		{5677641C-725E-4A22-A441-AC8FEFA214FD}.Release|x86.Build.0 = Win7 Release|Win32
		{5677641C-725E-4A22-A441-AC8FEFA214FD}.RelTest|Any CPU.ActiveCfg = Win7 Debug|Win32
		{5677641C-725E-4A22-A441-AC8FEFA214FD}.RelTest|Mixed Platforms.ActiveCfg = Win8.1 Release|Win32
		{5677641C-725E-4A22-A441-AC8FEFA214FD}.RelTest|Mixed Platforms.Build.0 = Win8.1 Release|Win32
		{5677641C-725E-4A22-A441-AC8FEFA214FD}.RelTest|x64.ActiveCfg = Win8.1 Release|x64
		{5677641C-725E-4A22-A441-AC8FEFA214FD}.RelTest|x64.Build.0 = Win8.1 Release|x64
		{5677641C-725E-4A22-A441-AC8FEFA214FD}.RelTest|x86.ActiveCfg = Win8.1 Debug|Win32
		{5677641C-725E-4A22-A441-AC8FEFA214FD}.RelTest|x86.Build.0 = Win8.1 Debug|Win32
		{5677641C-725E-4A22-A441-AC8FEFA214FD}.RelWDbg|Any CPU.ActiveCfg = Win8.1 Release|Win32
		{5677641C-725E-4A22-A441-AC8FEFA214FD}.RelWDbg|Mixed Platforms.ActiveCfg = Win8.1 Release|Win32
		{5677641C-725E-4A22-A441-AC8FEFA214FD}.RelWDbg|Mixed Platforms.Build.0 = Win8.1 Release|Win32
		{5677641C-725E-4A22-A441-AC8FEFA214FD}.RelWDbg|x64.ActiveCfg = Win8.1 Release|x64
		{5677641C-725E-4A22-A441-AC8FEFA214FD}.RelWDbg|x64.Build.0 = Win8.1 Release|x64
		{5677641C-725E-4A22-A441-AC8FEFA214FD}.RelWDbg|x86.ActiveCfg = Win8.1 Debug|Win32
		{5677641C-725E-4A22-A441-AC8FEFA214FD}.RelWDbg|x86.Build.0 = Win8.1 Debug|Win32
		{5677641C-725E-4A22-A441-AC8FEFA214FD}.RelWithDebInfo|Any CPU.ActiveCfg = Win8 Release|x64
		{5677641C-725E-4A22-A441-AC8FEFA214FD}.RelWithDebInfo|Any CPU.Build.0 = Win8 Release|x64
		{5677641C-725E-4A22-A441-AC8FEFA214FD}.RelWithDebInfo|Mixed Platforms.ActiveCfg = Win8 Release|Win32
		{5677641C-725E-4A22-A441-AC8FEFA214FD}.RelWithDebInfo|Mixed Platforms.Build.0 = Win8 Release|Win32
		{5677641C-725E-4A22-A441-AC8FEFA214FD}.RelWithDebInfo|x64.ActiveCfg = Win8 Release|x64
		{5677641C-725E-4A22-A441-AC8FEFA214FD}.RelWithDebInfo|x64.Build.0 = Win8 Release|x64
		{5677641C-725E-4A22-A441-AC8FEFA214FD}.RelWithDebInfo|x86.ActiveCfg = Win8.1 Debug|Win32
		{5677641C-725E-4A22-A441-AC8FEFA214FD}.RelWithDebInfo|x86.Build.0 = Win8.1 Debug|Win32
		{5677641C-725E-4A22-A441-AC8FEFA214FD}.Win7 Debug|Any CPU.ActiveCfg = Win7 Debug|Win32
		{5677641C-725E-4A22-A441-AC8FEFA214FD}.Win7 Debug|Mixed Platforms.ActiveCfg = Win7 Debug|Win32
		{5677641C-725E-4A22-A441-AC8FEFA214FD}.Win7 Debug|Mixed Platforms.Build.0 = Win7 Debug|Win32
		{5677641C-725E-4A22-A441-AC8FEFA214FD}.Win7 Debug|x64.ActiveCfg = Win7 Debug|x64
		{5677641C-725E-4A22-A441-AC8FEFA214FD}.Win7 Debug|x64.Build.0 = Win7 Debug|x64
		{5677641C-725E-4A22-A441-AC8FEFA214FD}.Win7 Debug|x86.ActiveCfg = Win7 Debug|Win32
		{5677641C-725E-4A22-A441-AC8FEFA214FD}.Win7 Debug|x86.Build.0 = Win7 Debug|Win32
		{5677641C-725E-4A22-A441-AC8FEFA214FD}.Win7 Release|Any CPU.ActiveCfg = Win7 Release|Win32
		{5677641C-725E-4A22-A441-AC8FEFA214FD}.Win7 Release|Mixed Platforms.ActiveCfg = Win7 Release|Win32
		{5677641C-725E-4A22-A441-AC8FEFA214FD}.Win7 Release|Mixed Platforms.Build.0 = Win7 Release|Win32
		{5677641C-725E-4A22-A441-AC8FEFA214FD}.Win7 Release|x64.ActiveCfg = Win7 Release|x64
		{5677641C-725E-4A22-A441-AC8FEFA214FD}.Win7 Release|x64.Build.0 = Win7 Release|x64
		{5677641C-725E-4A22-A441-AC8FEFA214FD}.Win7 Release|x86.ActiveCfg = Win7 Release|Win32
		{5677641C-725E-4A22-A441-AC8FEFA214FD}.Win7 Release|x86.Build.0 = Win7 Release|Win32
		{5677641C-725E-4A22-A441-AC8FEFA214FD}.Win8 Debug|Any CPU.ActiveCfg = Win8 Debug|Win32
		{5677641C-725E-4A22-A441-AC8FEFA214FD}.Win8 Debug|Mixed Platforms.ActiveCfg = Win8 Debug|Win32
		{5677641C-725E-4A22-A441-AC8FEFA214FD}.Win8 Debug|Mixed Platforms.Build.0 = Win8 Debug|Win32
		{5677641C-725E-4A22-A441-AC8FEFA214FD}.Win8 Debug|x64.ActiveCfg = Win8 Debug|x64
		{5677641C-725E-4A22-A441-AC8FEFA214FD}.Win8 Debug|x64.Build.0 = Win8 Debug|x64
		{5677641C-725E-4A22-A441-AC8FEFA214FD}.Win8 Debug|x86.ActiveCfg = Win8 Debug|Win32
		{5677641C-725E-4A22-A441-AC8FEFA214FD}.Win8 Debug|x86.Build.0 = Win8 Debug|Win32
		{5677641C-725E-4A22-A441-AC8FEFA214FD}.Win8 Release|Any CPU.ActiveCfg = Win8 Release|Win32
		{5677641C-725E-4A22-A441-AC8FEFA214FD}.Win8 Release|Mixed Platforms.ActiveCfg = Win8 Release|Win32
		{5677641C-725E-4A22-A441-AC8FEFA214FD}.Win8 Release|Mixed Platforms.Build.0 = Win8 Release|Win32
		{5677641C-725E-4A22-A441-AC8FEFA214FD}.Win8 Release|x64.ActiveCfg = Win8 Release|x64
		{5677641C-725E-4A22-A441-AC8FEFA214FD}.Win8 Release|x64.Build.0 = Win8 Release|x64
		{5677641C-725E-4A22-A441-AC8FEFA214FD}.Win8 Release|x86.ActiveCfg = Win8 Release|Win32
		{5677641C-725E-4A22-A441-AC8FEFA214FD}.Win8 Release|x86.Build.0 = Win8 Release|Win32
		{5677641C-725E-4A22-A441-AC8FEFA214FD}.Win8.1 Debug|Any CPU.ActiveCfg = Win8.1 Debug|Win32
		{5677641C-725E-4A22-A441-AC8FEFA214FD}.Win8.1 Debug|Mixed Platforms.ActiveCfg = Win8.1 Debug|Win32
		{5677641C-725E-4A22-A441-AC8FEFA214FD}.Win8.1 Debug|Mixed Platforms.Build.0 = Win8.1 Debug|Win32
		{5677641C-725E-4A22-A441-AC8FEFA214FD}.Win8.1 Debug|x64.ActiveCfg = Win8.1 Debug|x64
		{5677641C-725E-4A22-A441-AC8FEFA214FD}.Win8.1 Debug|x64.Build.0 = Win8.1 Debug|x64
		{5677641C-725E-4A22-A441-AC8FEFA214FD}.Win8.1 Debug|x86.ActiveCfg = Win8.1 Debug|Win32
		{5677641C-725E-4A22-A441-AC8FEFA214FD}.Win8.1 Debug|x86.Build.0 = Win8.1 Debug|Win32
		{5677641C-725E-4A22-A441-AC8FEFA214FD}.Win8.1 Release|Any CPU.ActiveCfg = Win8.1 Release|Win32
		{5677641C-725E-4A22-A441-AC8FEFA214FD}.Win8.1 Release|Mixed Platforms.ActiveCfg = Win8.1 Release|Win32
		{5677641C-725E-4A22-A441-AC8FEFA214FD}.Win8.1 Release|Mixed Platforms.Build.0 = Win8.1 Release|Win32
		{5677641C-725E-4A22-A441-AC8FEFA214FD}.Win8.1 Release|x64.ActiveCfg = Win8.1 Release|x64
		{5677641C-725E-4A22-A441-AC8FEFA214FD}.Win8.1 Release|x64.Build.0 = Win8.1 Release|x64
		{5677641C-725E-4A22-A441-AC8FEFA214FD}.Win8.1 Release|x86.ActiveCfg = Win8.1 Release|Win32
		{5677641C-725E-4A22-A441-AC8FEFA214FD}.Win8.1 Release|x86.Build.0 = Win8.1 Release|Win32
		{0963014C-3F95-4F5A-B12A-03F6F5A1D8F0}.Debug|Any CPU.ActiveCfg = Debug|Any CPU
		{0963014C-3F95-4F5A-B12A-03F6F5A1D8F0}.Debug|Any CPU.Build.0 = Debug|Any CPU
		{0963014C-3F95-4F5A-B12A-03F6F5A1D8F0}.Debug|Mixed Platforms.ActiveCfg = Debug|Any CPU
		{0963014C-3F95-4F5A-B12A-03F6F5A1D8F0}.Debug|Mixed Platforms.Build.0 = Debug|Any CPU
		{0963014C-3F95-4F5A-B12A-03F6F5A1D8F0}.Debug|x64.ActiveCfg = Debug|Any CPU
		{0963014C-3F95-4F5A-B12A-03F6F5A1D8F0}.Debug|x86.ActiveCfg = Debug|Any CPU
		{0963014C-3F95-4F5A-B12A-03F6F5A1D8F0}.Debug|x86.Build.0 = Debug|Any CPU
		{0963014C-3F95-4F5A-B12A-03F6F5A1D8F0}.MinSizeRel|Any CPU.ActiveCfg = Release|Any CPU
		{0963014C-3F95-4F5A-B12A-03F6F5A1D8F0}.MinSizeRel|Any CPU.Build.0 = Release|Any CPU
		{0963014C-3F95-4F5A-B12A-03F6F5A1D8F0}.MinSizeRel|Mixed Platforms.ActiveCfg = Release|Any CPU
		{0963014C-3F95-4F5A-B12A-03F6F5A1D8F0}.MinSizeRel|Mixed Platforms.Build.0 = Release|Any CPU
		{0963014C-3F95-4F5A-B12A-03F6F5A1D8F0}.MinSizeRel|x64.ActiveCfg = Release|Any CPU
		{0963014C-3F95-4F5A-B12A-03F6F5A1D8F0}.MinSizeRel|x64.Build.0 = Release|Any CPU
		{0963014C-3F95-4F5A-B12A-03F6F5A1D8F0}.MinSizeRel|x86.ActiveCfg = Release|Any CPU
		{0963014C-3F95-4F5A-B12A-03F6F5A1D8F0}.MinSizeRel|x86.Build.0 = Release|Any CPU
		{0963014C-3F95-4F5A-B12A-03F6F5A1D8F0}.Release|Any CPU.ActiveCfg = Release|Any CPU
		{0963014C-3F95-4F5A-B12A-03F6F5A1D8F0}.Release|Any CPU.Build.0 = Release|Any CPU
		{0963014C-3F95-4F5A-B12A-03F6F5A1D8F0}.Release|Mixed Platforms.ActiveCfg = Release|Any CPU
		{0963014C-3F95-4F5A-B12A-03F6F5A1D8F0}.Release|Mixed Platforms.Build.0 = Release|Any CPU
		{0963014C-3F95-4F5A-B12A-03F6F5A1D8F0}.Release|x64.ActiveCfg = Release|Any CPU
		{0963014C-3F95-4F5A-B12A-03F6F5A1D8F0}.Release|x86.ActiveCfg = Release|Any CPU
		{0963014C-3F95-4F5A-B12A-03F6F5A1D8F0}.Release|x86.Build.0 = Release|Any CPU
		{0963014C-3F95-4F5A-B12A-03F6F5A1D8F0}.RelTest|Any CPU.ActiveCfg = Release|Any CPU
		{0963014C-3F95-4F5A-B12A-03F6F5A1D8F0}.RelTest|Any CPU.Build.0 = Release|Any CPU
		{0963014C-3F95-4F5A-B12A-03F6F5A1D8F0}.RelTest|Mixed Platforms.ActiveCfg = Release|Any CPU
		{0963014C-3F95-4F5A-B12A-03F6F5A1D8F0}.RelTest|Mixed Platforms.Build.0 = Release|Any CPU
		{0963014C-3F95-4F5A-B12A-03F6F5A1D8F0}.RelTest|x64.ActiveCfg = Release|Any CPU
		{0963014C-3F95-4F5A-B12A-03F6F5A1D8F0}.RelTest|x86.ActiveCfg = Release|Any CPU
		{0963014C-3F95-4F5A-B12A-03F6F5A1D8F0}.RelTest|x86.Build.0 = Release|Any CPU
		{0963014C-3F95-4F5A-B12A-03F6F5A1D8F0}.RelWDbg|Any CPU.ActiveCfg = Release|Any CPU
		{0963014C-3F95-4F5A-B12A-03F6F5A1D8F0}.RelWDbg|Any CPU.Build.0 = Release|Any CPU
		{0963014C-3F95-4F5A-B12A-03F6F5A1D8F0}.RelWDbg|Mixed Platforms.ActiveCfg = Release|Any CPU
		{0963014C-3F95-4F5A-B12A-03F6F5A1D8F0}.RelWDbg|Mixed Platforms.Build.0 = Release|Any CPU
		{0963014C-3F95-4F5A-B12A-03F6F5A1D8F0}.RelWDbg|x64.ActiveCfg = Release|Any CPU
		{0963014C-3F95-4F5A-B12A-03F6F5A1D8F0}.RelWDbg|x86.ActiveCfg = Release|Any CPU
		{0963014C-3F95-4F5A-B12A-03F6F5A1D8F0}.RelWDbg|x86.Build.0 = Release|Any CPU
		{0963014C-3F95-4F5A-B12A-03F6F5A1D8F0}.RelWithDebInfo|Any CPU.ActiveCfg = Release|Any CPU
		{0963014C-3F95-4F5A-B12A-03F6F5A1D8F0}.RelWithDebInfo|Any CPU.Build.0 = Release|Any CPU
		{0963014C-3F95-4F5A-B12A-03F6F5A1D8F0}.RelWithDebInfo|Mixed Platforms.ActiveCfg = Release|Any CPU
		{0963014C-3F95-4F5A-B12A-03F6F5A1D8F0}.RelWithDebInfo|Mixed Platforms.Build.0 = Release|Any CPU
		{0963014C-3F95-4F5A-B12A-03F6F5A1D8F0}.RelWithDebInfo|x64.ActiveCfg = Release|Any CPU
		{0963014C-3F95-4F5A-B12A-03F6F5A1D8F0}.RelWithDebInfo|x64.Build.0 = Release|Any CPU
		{0963014C-3F95-4F5A-B12A-03F6F5A1D8F0}.RelWithDebInfo|x86.ActiveCfg = Release|Any CPU
		{0963014C-3F95-4F5A-B12A-03F6F5A1D8F0}.RelWithDebInfo|x86.Build.0 = Release|Any CPU
		{0963014C-3F95-4F5A-B12A-03F6F5A1D8F0}.Win7 Debug|Any CPU.ActiveCfg = Debug|Any CPU
		{0963014C-3F95-4F5A-B12A-03F6F5A1D8F0}.Win7 Debug|Any CPU.Build.0 = Debug|Any CPU
		{0963014C-3F95-4F5A-B12A-03F6F5A1D8F0}.Win7 Debug|Mixed Platforms.ActiveCfg = Debug|Any CPU
		{0963014C-3F95-4F5A-B12A-03F6F5A1D8F0}.Win7 Debug|Mixed Platforms.Build.0 = Debug|Any CPU
		{0963014C-3F95-4F5A-B12A-03F6F5A1D8F0}.Win7 Debug|x64.ActiveCfg = Debug|Any CPU
		{0963014C-3F95-4F5A-B12A-03F6F5A1D8F0}.Win7 Debug|x86.ActiveCfg = Debug|Any CPU
		{0963014C-3F95-4F5A-B12A-03F6F5A1D8F0}.Win7 Debug|x86.Build.0 = Debug|Any CPU
		{0963014C-3F95-4F5A-B12A-03F6F5A1D8F0}.Win7 Release|Any CPU.ActiveCfg = Release|Any CPU
		{0963014C-3F95-4F5A-B12A-03F6F5A1D8F0}.Win7 Release|Any CPU.Build.0 = Release|Any CPU
		{0963014C-3F95-4F5A-B12A-03F6F5A1D8F0}.Win7 Release|Mixed Platforms.ActiveCfg = Release|Any CPU
		{0963014C-3F95-4F5A-B12A-03F6F5A1D8F0}.Win7 Release|Mixed Platforms.Build.0 = Release|Any CPU
		{0963014C-3F95-4F5A-B12A-03F6F5A1D8F0}.Win7 Release|x64.ActiveCfg = Release|Any CPU
		{0963014C-3F95-4F5A-B12A-03F6F5A1D8F0}.Win7 Release|x86.ActiveCfg = Release|Any CPU
		{0963014C-3F95-4F5A-B12A-03F6F5A1D8F0}.Win7 Release|x86.Build.0 = Release|Any CPU
		{0963014C-3F95-4F5A-B12A-03F6F5A1D8F0}.Win8 Debug|Any CPU.ActiveCfg = Debug|Any CPU
		{0963014C-3F95-4F5A-B12A-03F6F5A1D8F0}.Win8 Debug|Any CPU.Build.0 = Debug|Any CPU
		{0963014C-3F95-4F5A-B12A-03F6F5A1D8F0}.Win8 Debug|Mixed Platforms.ActiveCfg = Debug|Any CPU
		{0963014C-3F95-4F5A-B12A-03F6F5A1D8F0}.Win8 Debug|Mixed Platforms.Build.0 = Debug|Any CPU
		{0963014C-3F95-4F5A-B12A-03F6F5A1D8F0}.Win8 Debug|x64.ActiveCfg = Debug|Any CPU
		{0963014C-3F95-4F5A-B12A-03F6F5A1D8F0}.Win8 Debug|x86.ActiveCfg = Debug|Any CPU
		{0963014C-3F95-4F5A-B12A-03F6F5A1D8F0}.Win8 Debug|x86.Build.0 = Debug|Any CPU
		{0963014C-3F95-4F5A-B12A-03F6F5A1D8F0}.Win8 Release|Any CPU.ActiveCfg = Release|Any CPU
		{0963014C-3F95-4F5A-B12A-03F6F5A1D8F0}.Win8 Release|Any CPU.Build.0 = Release|Any CPU
		{0963014C-3F95-4F5A-B12A-03F6F5A1D8F0}.Win8 Release|Mixed Platforms.ActiveCfg = Release|Any CPU
		{0963014C-3F95-4F5A-B12A-03F6F5A1D8F0}.Win8 Release|Mixed Platforms.Build.0 = Release|Any CPU
		{0963014C-3F95-4F5A-B12A-03F6F5A1D8F0}.Win8 Release|x64.ActiveCfg = Release|Any CPU
		{0963014C-3F95-4F5A-B12A-03F6F5A1D8F0}.Win8 Release|x86.ActiveCfg = Release|Any CPU
		{0963014C-3F95-4F5A-B12A-03F6F5A1D8F0}.Win8 Release|x86.Build.0 = Release|Any CPU
		{0963014C-3F95-4F5A-B12A-03F6F5A1D8F0}.Win8.1 Debug|Any CPU.ActiveCfg = Debug|Any CPU
		{0963014C-3F95-4F5A-B12A-03F6F5A1D8F0}.Win8.1 Debug|Any CPU.Build.0 = Debug|Any CPU
		{0963014C-3F95-4F5A-B12A-03F6F5A1D8F0}.Win8.1 Debug|Mixed Platforms.ActiveCfg = Debug|Any CPU
		{0963014C-3F95-4F5A-B12A-03F6F5A1D8F0}.Win8.1 Debug|Mixed Platforms.Build.0 = Debug|Any CPU
		{0963014C-3F95-4F5A-B12A-03F6F5A1D8F0}.Win8.1 Debug|x64.ActiveCfg = Debug|Any CPU
		{0963014C-3F95-4F5A-B12A-03F6F5A1D8F0}.Win8.1 Debug|x86.ActiveCfg = Debug|Any CPU
		{0963014C-3F95-4F5A-B12A-03F6F5A1D8F0}.Win8.1 Debug|x86.Build.0 = Debug|Any CPU
		{0963014C-3F95-4F5A-B12A-03F6F5A1D8F0}.Win8.1 Release|Any CPU.ActiveCfg = Release|Any CPU
		{0963014C-3F95-4F5A-B12A-03F6F5A1D8F0}.Win8.1 Release|Any CPU.Build.0 = Release|Any CPU
		{0963014C-3F95-4F5A-B12A-03F6F5A1D8F0}.Win8.1 Release|Mixed Platforms.ActiveCfg = Release|Any CPU
		{0963014C-3F95-4F5A-B12A-03F6F5A1D8F0}.Win8.1 Release|Mixed Platforms.Build.0 = Release|Any CPU
		{0963014C-3F95-4F5A-B12A-03F6F5A1D8F0}.Win8.1 Release|x64.ActiveCfg = Release|Any CPU
		{0963014C-3F95-4F5A-B12A-03F6F5A1D8F0}.Win8.1 Release|x86.ActiveCfg = Release|Any CPU
		{0963014C-3F95-4F5A-B12A-03F6F5A1D8F0}.Win8.1 Release|x86.Build.0 = Release|Any CPU
		{5E4C431D-1E37-4909-B4DC-F13D123C2DBA}.Debug|Any CPU.ActiveCfg = Debug|x86
		{5E4C431D-1E37-4909-B4DC-F13D123C2DBA}.Debug|Mixed Platforms.ActiveCfg = Debug|x86
		{5E4C431D-1E37-4909-B4DC-F13D123C2DBA}.Debug|Mixed Platforms.Build.0 = Debug|x86
		{5E4C431D-1E37-4909-B4DC-F13D123C2DBA}.Debug|x64.ActiveCfg = Debug|x86
		{5E4C431D-1E37-4909-B4DC-F13D123C2DBA}.Debug|x86.ActiveCfg = Debug|x86
		{5E4C431D-1E37-4909-B4DC-F13D123C2DBA}.Debug|x86.Build.0 = Debug|x86
		{5E4C431D-1E37-4909-B4DC-F13D123C2DBA}.MinSizeRel|Any CPU.ActiveCfg = Release|x86
		{5E4C431D-1E37-4909-B4DC-F13D123C2DBA}.MinSizeRel|Any CPU.Build.0 = Release|x86
		{5E4C431D-1E37-4909-B4DC-F13D123C2DBA}.MinSizeRel|Mixed Platforms.ActiveCfg = Release|x86
		{5E4C431D-1E37-4909-B4DC-F13D123C2DBA}.MinSizeRel|Mixed Platforms.Build.0 = Release|x86
		{5E4C431D-1E37-4909-B4DC-F13D123C2DBA}.MinSizeRel|x64.ActiveCfg = Release|x86
		{5E4C431D-1E37-4909-B4DC-F13D123C2DBA}.MinSizeRel|x64.Build.0 = Release|x86
		{5E4C431D-1E37-4909-B4DC-F13D123C2DBA}.MinSizeRel|x86.ActiveCfg = Release|x86
		{5E4C431D-1E37-4909-B4DC-F13D123C2DBA}.MinSizeRel|x86.Build.0 = Release|x86
		{5E4C431D-1E37-4909-B4DC-F13D123C2DBA}.Release|Any CPU.ActiveCfg = Release|x86
		{5E4C431D-1E37-4909-B4DC-F13D123C2DBA}.Release|Mixed Platforms.ActiveCfg = Release|x86
		{5E4C431D-1E37-4909-B4DC-F13D123C2DBA}.Release|x64.ActiveCfg = Release|x86
		{5E4C431D-1E37-4909-B4DC-F13D123C2DBA}.Release|x86.ActiveCfg = Release|x86
		{5E4C431D-1E37-4909-B4DC-F13D123C2DBA}.Release|x86.Build.0 = Release|x86
		{5E4C431D-1E37-4909-B4DC-F13D123C2DBA}.RelTest|Any CPU.ActiveCfg = Release|x86
		{5E4C431D-1E37-4909-B4DC-F13D123C2DBA}.RelTest|Any CPU.Build.0 = Release|x86
		{5E4C431D-1E37-4909-B4DC-F13D123C2DBA}.RelTest|Mixed Platforms.ActiveCfg = Release|x86
		{5E4C431D-1E37-4909-B4DC-F13D123C2DBA}.RelTest|Mixed Platforms.Build.0 = Release|x86
		{5E4C431D-1E37-4909-B4DC-F13D123C2DBA}.RelTest|x64.ActiveCfg = Release|x86
		{5E4C431D-1E37-4909-B4DC-F13D123C2DBA}.RelTest|x64.Build.0 = Release|x86
		{5E4C431D-1E37-4909-B4DC-F13D123C2DBA}.RelTest|x86.ActiveCfg = Release|x86
		{5E4C431D-1E37-4909-B4DC-F13D123C2DBA}.RelTest|x86.Build.0 = Release|x86
		{5E4C431D-1E37-4909-B4DC-F13D123C2DBA}.RelWDbg|Any CPU.ActiveCfg = Release|x86
		{5E4C431D-1E37-4909-B4DC-F13D123C2DBA}.RelWDbg|Any CPU.Build.0 = Release|x86
		{5E4C431D-1E37-4909-B4DC-F13D123C2DBA}.RelWDbg|Mixed Platforms.ActiveCfg = Release|x86
		{5E4C431D-1E37-4909-B4DC-F13D123C2DBA}.RelWDbg|Mixed Platforms.Build.0 = Release|x86
		{5E4C431D-1E37-4909-B4DC-F13D123C2DBA}.RelWDbg|x64.ActiveCfg = Release|x86
		{5E4C431D-1E37-4909-B4DC-F13D123C2DBA}.RelWDbg|x64.Build.0 = Release|x86
		{5E4C431D-1E37-4909-B4DC-F13D123C2DBA}.RelWDbg|x86.ActiveCfg = Release|x86
		{5E4C431D-1E37-4909-B4DC-F13D123C2DBA}.RelWDbg|x86.Build.0 = Release|x86
		{5E4C431D-1E37-4909-B4DC-F13D123C2DBA}.RelWithDebInfo|Any CPU.ActiveCfg = Release|x86
		{5E4C431D-1E37-4909-B4DC-F13D123C2DBA}.RelWithDebInfo|Any CPU.Build.0 = Release|x86
		{5E4C431D-1E37-4909-B4DC-F13D123C2DBA}.RelWithDebInfo|Mixed Platforms.ActiveCfg = Release|x86
		{5E4C431D-1E37-4909-B4DC-F13D123C2DBA}.RelWithDebInfo|Mixed Platforms.Build.0 = Release|x86
		{5E4C431D-1E37-4909-B4DC-F13D123C2DBA}.RelWithDebInfo|x64.ActiveCfg = Release|x86
		{5E4C431D-1E37-4909-B4DC-F13D123C2DBA}.RelWithDebInfo|x64.Build.0 = Release|x86
		{5E4C431D-1E37-4909-B4DC-F13D123C2DBA}.RelWithDebInfo|x86.ActiveCfg = Release|x86
		{5E4C431D-1E37-4909-B4DC-F13D123C2DBA}.RelWithDebInfo|x86.Build.0 = Release|x86
		{5E4C431D-1E37-4909-B4DC-F13D123C2DBA}.Win7 Debug|Any CPU.ActiveCfg = Release|x86
		{5E4C431D-1E37-4909-B4DC-F13D123C2DBA}.Win7 Debug|Any CPU.Build.0 = Release|x86
		{5E4C431D-1E37-4909-B4DC-F13D123C2DBA}.Win7 Debug|Mixed Platforms.ActiveCfg = Debug|x86
		{5E4C431D-1E37-4909-B4DC-F13D123C2DBA}.Win7 Debug|Mixed Platforms.Build.0 = Debug|x86
		{5E4C431D-1E37-4909-B4DC-F13D123C2DBA}.Win7 Debug|x64.ActiveCfg = Release|x86
		{5E4C431D-1E37-4909-B4DC-F13D123C2DBA}.Win7 Debug|x64.Build.0 = Release|x86
		{5E4C431D-1E37-4909-B4DC-F13D123C2DBA}.Win7 Debug|x86.ActiveCfg = Debug|x86
		{5E4C431D-1E37-4909-B4DC-F13D123C2DBA}.Win7 Debug|x86.Build.0 = Debug|x86
		{5E4C431D-1E37-4909-B4DC-F13D123C2DBA}.Win7 Release|Any CPU.ActiveCfg = Release|x86
		{5E4C431D-1E37-4909-B4DC-F13D123C2DBA}.Win7 Release|Any CPU.Build.0 = Release|x86
		{5E4C431D-1E37-4909-B4DC-F13D123C2DBA}.Win7 Release|Mixed Platforms.ActiveCfg = Release|x86
		{5E4C431D-1E37-4909-B4DC-F13D123C2DBA}.Win7 Release|Mixed Platforms.Build.0 = Release|x86
		{5E4C431D-1E37-4909-B4DC-F13D123C2DBA}.Win7 Release|x64.ActiveCfg = Release|x86
		{5E4C431D-1E37-4909-B4DC-F13D123C2DBA}.Win7 Release|x64.Build.0 = Release|x86
		{5E4C431D-1E37-4909-B4DC-F13D123C2DBA}.Win7 Release|x86.ActiveCfg = Release|x86
		{5E4C431D-1E37-4909-B4DC-F13D123C2DBA}.Win7 Release|x86.Build.0 = Release|x86
		{5E4C431D-1E37-4909-B4DC-F13D123C2DBA}.Win8 Debug|Any CPU.ActiveCfg = Release|x86
		{5E4C431D-1E37-4909-B4DC-F13D123C2DBA}.Win8 Debug|Any CPU.Build.0 = Release|x86
		{5E4C431D-1E37-4909-B4DC-F13D123C2DBA}.Win8 Debug|Mixed Platforms.ActiveCfg = Debug|x86
		{5E4C431D-1E37-4909-B4DC-F13D123C2DBA}.Win8 Debug|Mixed Platforms.Build.0 = Debug|x86
		{5E4C431D-1E37-4909-B4DC-F13D123C2DBA}.Win8 Debug|x64.ActiveCfg = Release|x86
		{5E4C431D-1E37-4909-B4DC-F13D123C2DBA}.Win8 Debug|x64.Build.0 = Release|x86
		{5E4C431D-1E37-4909-B4DC-F13D123C2DBA}.Win8 Debug|x86.ActiveCfg = Debug|x86
		{5E4C431D-1E37-4909-B4DC-F13D123C2DBA}.Win8 Debug|x86.Build.0 = Debug|x86
		{5E4C431D-1E37-4909-B4DC-F13D123C2DBA}.Win8 Release|Any CPU.ActiveCfg = Release|x86
		{5E4C431D-1E37-4909-B4DC-F13D123C2DBA}.Win8 Release|Any CPU.Build.0 = Release|x86
		{5E4C431D-1E37-4909-B4DC-F13D123C2DBA}.Win8 Release|Mixed Platforms.ActiveCfg = Release|x86
		{5E4C431D-1E37-4909-B4DC-F13D123C2DBA}.Win8 Release|Mixed Platforms.Build.0 = Release|x86
		{5E4C431D-1E37-4909-B4DC-F13D123C2DBA}.Win8 Release|x64.ActiveCfg = Release|x86
		{5E4C431D-1E37-4909-B4DC-F13D123C2DBA}.Win8 Release|x64.Build.0 = Release|x86
		{5E4C431D-1E37-4909-B4DC-F13D123C2DBA}.Win8 Release|x86.ActiveCfg = Release|x86
		{5E4C431D-1E37-4909-B4DC-F13D123C2DBA}.Win8 Release|x86.Build.0 = Release|x86
		{5E4C431D-1E37-4909-B4DC-F13D123C2DBA}.Win8.1 Debug|Any CPU.ActiveCfg = Release|x86
		{5E4C431D-1E37-4909-B4DC-F13D123C2DBA}.Win8.1 Debug|Any CPU.Build.0 = Release|x86
		{5E4C431D-1E37-4909-B4DC-F13D123C2DBA}.Win8.1 Debug|Mixed Platforms.ActiveCfg = Debug|x86
		{5E4C431D-1E37-4909-B4DC-F13D123C2DBA}.Win8.1 Debug|Mixed Platforms.Build.0 = Debug|x86
		{5E4C431D-1E37-4909-B4DC-F13D123C2DBA}.Win8.1 Debug|x64.ActiveCfg = Release|x86
		{5E4C431D-1E37-4909-B4DC-F13D123C2DBA}.Win8.1 Debug|x64.Build.0 = Release|x86
		{5E4C431D-1E37-4909-B4DC-F13D123C2DBA}.Win8.1 Debug|x86.ActiveCfg = Debug|x86
		{5E4C431D-1E37-4909-B4DC-F13D123C2DBA}.Win8.1 Debug|x86.Build.0 = Debug|x86
		{5E4C431D-1E37-4909-B4DC-F13D123C2DBA}.Win8.1 Release|Any CPU.ActiveCfg = Release|x86
		{5E4C431D-1E37-4909-B4DC-F13D123C2DBA}.Win8.1 Release|Any CPU.Build.0 = Release|x86
		{5E4C431D-1E37-4909-B4DC-F13D123C2DBA}.Win8.1 Release|Mixed Platforms.ActiveCfg = Release|x86
		{5E4C431D-1E37-4909-B4DC-F13D123C2DBA}.Win8.1 Release|Mixed Platforms.Build.0 = Release|x86
		{5E4C431D-1E37-4909-B4DC-F13D123C2DBA}.Win8.1 Release|x64.ActiveCfg = Release|x86
		{5E4C431D-1E37-4909-B4DC-F13D123C2DBA}.Win8.1 Release|x64.Build.0 = Release|x86
		{5E4C431D-1E37-4909-B4DC-F13D123C2DBA}.Win8.1 Release|x86.ActiveCfg = Release|x86
		{5E4C431D-1E37-4909-B4DC-F13D123C2DBA}.Win8.1 Release|x86.Build.0 = Release|x86
	EndGlobalSection
	GlobalSection(SolutionProperties) = preSolution
		HideSolutionNode = FALSE
	EndGlobalSection
	GlobalSection(ExtensibilityGlobals) = postSolution
		SolutionGuid = {929432CD-9281-4629-A463-B40F9B2D7088}
	EndGlobalSection
EndGlobal
