
Microsoft Visual Studio Solution File, Format Version 12.00
# Visual Studio 15
VisualStudioVersion = 15.0.26430.16
MinimumVisualStudioVersion = 10.0.40219.1
Project("{FAE04EC0-301F-11D3-BF4B-00C04F79EFBC}") = "GatelessGateSharp", "GatelessGateSharp\GatelessGateSharp.csproj", "{5C6B25E1-991B-4A2A-B9D3-8F5E672384FD}"
	ProjectSection(ProjectDependencies) = postProject
		{5677641C-725E-4A22-A441-AC8FEFA214FD} = {5677641C-725E-4A22-A441-AC8FEFA214FD}
		{1047DF1D-629E-4407-B969-57F2770D687B} = {1047DF1D-629E-4407-B969-57F2770D687B}
		{92D51A33-7BF0-47FD-9ECE-D758FFE1691D} = {92D51A33-7BF0-47FD-9ECE-D758FFE1691D}
		{0963014C-3F95-4F5A-B12A-03F6F5A1D8F0} = {0963014C-3F95-4F5A-B12A-03F6F5A1D8F0}
		{F5A866CC-151E-472A-8020-75F62D74D687} = {F5A866CC-151E-472A-8020-75F62D74D687}
		{8270FCD3-8195-4761-95E1-2BFF95CCD876} = {8270FCD3-8195-4761-95E1-2BFF95CCD876}
	EndProjectSection
EndProject
Project("{8BC9CEB8-8B4A-11D0-8D11-00A0C91BC942}") = "PhyMem", "phymem\phymem.vcxproj", "{8270FCD3-8195-4761-95E1-2BFF95CCD876}"
EndProject
Project("{8BC9CEB8-8B4A-11D0-8D11-00A0C91BC942}") = "PhyMemWrapper", "phymem_wrapper\phymem_wrapper.vcxproj", "{5677641C-725E-4A22-A441-AC8FEFA214FD}"
EndProject
Project("{FAE04EC0-301F-11D3-BF4B-00C04F79EFBC}") = "HashLib", "HashLib\HashLib.csproj", "{31880FB6-5B86-42B8-AB92-864045B5D7A2}"
EndProject
Project("{FAE04EC0-301F-11D3-BF4B-00C04F79EFBC}") = "ManagedCuda", "ManagedCUDA\ManagedCuda.csproj", "{F5A866CC-151E-472A-8020-75F62D74D687}"
EndProject
Project("{FAE04EC0-301F-11D3-BF4B-00C04F79EFBC}") = "Nvml", "Nvml\Nvml.csproj", "{92D51A33-7BF0-47FD-9ECE-D758FFE1691D}"
EndProject
Project("{54435603-DBB4-11D2-8724-00A0C9A8B90C}") = "Setup", "Setup\Setup.vdproj", "{65A01864-0F66-41A9-AEE7-A3BE9AFE74AB}"
EndProject
Project("{FAE04EC0-301F-11D3-BF4B-00C04F79EFBC}") = "GatelessGateSharpMonitor", "GatelessGateSharpMonitor\GatelessGateSharpMonitor.csproj", "{0963014C-3F95-4F5A-B12A-03F6F5A1D8F0}"
EndProject
Project("{FAE04EC0-301F-11D3-BF4B-00C04F79EFBC}") = "Cloo", "GatelessGateSharp\Cloo\Cloo.csproj", "{5C25329D-774A-46C8-B52F-66DFD281E9CF}"
EndProject
Project("{FAE04EC0-301F-11D3-BF4B-00C04F79EFBC}") = "GatelessGateSharpLauncher", "GatelessGateSharpLauncher\GatelessGateSharpLauncher.csproj", "{1047DF1D-629E-4407-B969-57F2770D687B}"
EndProject
Project("{2150E333-8FDC-42A3-9474-1A3956D46DE8}") = "Solution Items", "Solution Items", "{155B4298-BFA8-480E-A595-2A9EB93E3855}"
	ProjectSection(SolutionItems) = preProject
		GatelessGateSharp\bin\PrepareRelease.bat = GatelessGateSharp\bin\PrepareRelease.bat
		README.md = README.md
	EndProjectSection
EndProject
Global
	GlobalSection(SolutionConfigurationPlatforms) = preSolution
		Debug|Any CPU = Debug|Any CPU
		Debug|Mixed Platforms = Debug|Mixed Platforms
		Debug|x64 = Debug|x64
		MinSizeRel|Any CPU = MinSizeRel|Any CPU
		MinSizeRel|Mixed Platforms = MinSizeRel|Mixed Platforms
		MinSizeRel|x64 = MinSizeRel|x64
		Release|Any CPU = Release|Any CPU
		Release|Mixed Platforms = Release|Mixed Platforms
		Release|x64 = Release|x64
		RelTest|Any CPU = RelTest|Any CPU
		RelTest|Mixed Platforms = RelTest|Mixed Platforms
		RelTest|x64 = RelTest|x64
		RelWDbg|Any CPU = RelWDbg|Any CPU
		RelWDbg|Mixed Platforms = RelWDbg|Mixed Platforms
		RelWDbg|x64 = RelWDbg|x64
		RelWithDebInfo|Any CPU = RelWithDebInfo|Any CPU
		RelWithDebInfo|Mixed Platforms = RelWithDebInfo|Mixed Platforms
		RelWithDebInfo|x64 = RelWithDebInfo|x64
		Win7 Debug|Any CPU = Win7 Debug|Any CPU
		Win7 Debug|Mixed Platforms = Win7 Debug|Mixed Platforms
		Win7 Debug|x64 = Win7 Debug|x64
		Win7 Release|Any CPU = Win7 Release|Any CPU
		Win7 Release|Mixed Platforms = Win7 Release|Mixed Platforms
		Win7 Release|x64 = Win7 Release|x64
		Win8 Debug|Any CPU = Win8 Debug|Any CPU
		Win8 Debug|Mixed Platforms = Win8 Debug|Mixed Platforms
		Win8 Debug|x64 = Win8 Debug|x64
		Win8 Release|Any CPU = Win8 Release|Any CPU
		Win8 Release|Mixed Platforms = Win8 Release|Mixed Platforms
		Win8 Release|x64 = Win8 Release|x64
		Win8.1 Debug|Any CPU = Win8.1 Debug|Any CPU
		Win8.1 Debug|Mixed Platforms = Win8.1 Debug|Mixed Platforms
		Win8.1 Debug|x64 = Win8.1 Debug|x64
		Win8.1 Release|Any CPU = Win8.1 Release|Any CPU
		Win8.1 Release|Mixed Platforms = Win8.1 Release|Mixed Platforms
		Win8.1 Release|x64 = Win8.1 Release|x64
	EndGlobalSection
	GlobalSection(ProjectConfigurationPlatforms) = postSolution
		{5C6B25E1-991B-4A2A-B9D3-8F5E672384FD}.Debug|Any CPU.ActiveCfg = Debug|Any CPU
		{5C6B25E1-991B-4A2A-B9D3-8F5E672384FD}.Debug|Any CPU.Build.0 = Debug|Any CPU
		{5C6B25E1-991B-4A2A-B9D3-8F5E672384FD}.Debug|Mixed Platforms.ActiveCfg = Debug|Any CPU
		{5C6B25E1-991B-4A2A-B9D3-8F5E672384FD}.Debug|Mixed Platforms.Build.0 = Debug|Any CPU
		{5C6B25E1-991B-4A2A-B9D3-8F5E672384FD}.Debug|x64.ActiveCfg = Debug|Any CPU
		{5C6B25E1-991B-4A2A-B9D3-8F5E672384FD}.MinSizeRel|Any CPU.ActiveCfg = ReleaseCL|Any CPU
		{5C6B25E1-991B-4A2A-B9D3-8F5E672384FD}.MinSizeRel|Any CPU.Build.0 = ReleaseCL|Any CPU
		{5C6B25E1-991B-4A2A-B9D3-8F5E672384FD}.MinSizeRel|Mixed Platforms.ActiveCfg = ReleaseCL|Any CPU
		{5C6B25E1-991B-4A2A-B9D3-8F5E672384FD}.MinSizeRel|Mixed Platforms.Build.0 = ReleaseCL|Any CPU
		{5C6B25E1-991B-4A2A-B9D3-8F5E672384FD}.MinSizeRel|x64.ActiveCfg = ReleaseCL|Any CPU
		{5C6B25E1-991B-4A2A-B9D3-8F5E672384FD}.MinSizeRel|x64.Build.0 = ReleaseCL|Any CPU
		{5C6B25E1-991B-4A2A-B9D3-8F5E672384FD}.Release|Any CPU.ActiveCfg = Release|Any CPU
		{5C6B25E1-991B-4A2A-B9D3-8F5E672384FD}.Release|Any CPU.Build.0 = Release|Any CPU
		{5C6B25E1-991B-4A2A-B9D3-8F5E672384FD}.Release|Mixed Platforms.ActiveCfg = Release|Any CPU
		{5C6B25E1-991B-4A2A-B9D3-8F5E672384FD}.Release|Mixed Platforms.Build.0 = Release|Any CPU
		{5C6B25E1-991B-4A2A-B9D3-8F5E672384FD}.Release|x64.ActiveCfg = Release|Any CPU
		{5C6B25E1-991B-4A2A-B9D3-8F5E672384FD}.RelTest|Any CPU.ActiveCfg = Release|Any CPU
		{5C6B25E1-991B-4A2A-B9D3-8F5E672384FD}.RelTest|Any CPU.Build.0 = Release|Any CPU
		{5C6B25E1-991B-4A2A-B9D3-8F5E672384FD}.RelTest|Mixed Platforms.ActiveCfg = Release|Any CPU
		{5C6B25E1-991B-4A2A-B9D3-8F5E672384FD}.RelTest|Mixed Platforms.Build.0 = Release|Any CPU
		{5C6B25E1-991B-4A2A-B9D3-8F5E672384FD}.RelTest|x64.ActiveCfg = Release|Any CPU
		{5C6B25E1-991B-4A2A-B9D3-8F5E672384FD}.RelWDbg|Any CPU.ActiveCfg = Release|Any CPU
		{5C6B25E1-991B-4A2A-B9D3-8F5E672384FD}.RelWDbg|Any CPU.Build.0 = Release|Any CPU
		{5C6B25E1-991B-4A2A-B9D3-8F5E672384FD}.RelWDbg|Mixed Platforms.ActiveCfg = Release|Any CPU
		{5C6B25E1-991B-4A2A-B9D3-8F5E672384FD}.RelWDbg|Mixed Platforms.Build.0 = Release|Any CPU
		{5C6B25E1-991B-4A2A-B9D3-8F5E672384FD}.RelWDbg|x64.ActiveCfg = Release|Any CPU
		{5C6B25E1-991B-4A2A-B9D3-8F5E672384FD}.RelWithDebInfo|Any CPU.ActiveCfg = ReleaseCL|Any CPU
		{5C6B25E1-991B-4A2A-B9D3-8F5E672384FD}.RelWithDebInfo|Any CPU.Build.0 = ReleaseCL|Any CPU
		{5C6B25E1-991B-4A2A-B9D3-8F5E672384FD}.RelWithDebInfo|Mixed Platforms.ActiveCfg = ReleaseCL|Any CPU
		{5C6B25E1-991B-4A2A-B9D3-8F5E672384FD}.RelWithDebInfo|Mixed Platforms.Build.0 = ReleaseCL|Any CPU
		{5C6B25E1-991B-4A2A-B9D3-8F5E672384FD}.RelWithDebInfo|x64.ActiveCfg = ReleaseCL|Any CPU
		{5C6B25E1-991B-4A2A-B9D3-8F5E672384FD}.RelWithDebInfo|x64.Build.0 = ReleaseCL|Any CPU
		{5C6B25E1-991B-4A2A-B9D3-8F5E672384FD}.Win7 Debug|Any CPU.ActiveCfg = Debug|Any CPU
		{5C6B25E1-991B-4A2A-B9D3-8F5E672384FD}.Win7 Debug|Any CPU.Build.0 = Debug|Any CPU
		{5C6B25E1-991B-4A2A-B9D3-8F5E672384FD}.Win7 Debug|Mixed Platforms.ActiveCfg = Debug|Any CPU
		{5C6B25E1-991B-4A2A-B9D3-8F5E672384FD}.Win7 Debug|Mixed Platforms.Build.0 = Debug|Any CPU
		{5C6B25E1-991B-4A2A-B9D3-8F5E672384FD}.Win7 Debug|x64.ActiveCfg = Debug|Any CPU
		{5C6B25E1-991B-4A2A-B9D3-8F5E672384FD}.Win7 Release|Any CPU.ActiveCfg = Release|Any CPU
		{5C6B25E1-991B-4A2A-B9D3-8F5E672384FD}.Win7 Release|Any CPU.Build.0 = Release|Any CPU
		{5C6B25E1-991B-4A2A-B9D3-8F5E672384FD}.Win7 Release|Mixed Platforms.ActiveCfg = Release|Any CPU
		{5C6B25E1-991B-4A2A-B9D3-8F5E672384FD}.Win7 Release|Mixed Platforms.Build.0 = Release|Any CPU
		{5C6B25E1-991B-4A2A-B9D3-8F5E672384FD}.Win7 Release|x64.ActiveCfg = Release|Any CPU
		{5C6B25E1-991B-4A2A-B9D3-8F5E672384FD}.Win8 Debug|Any CPU.ActiveCfg = Debug|Any CPU
		{5C6B25E1-991B-4A2A-B9D3-8F5E672384FD}.Win8 Debug|Any CPU.Build.0 = Debug|Any CPU
		{5C6B25E1-991B-4A2A-B9D3-8F5E672384FD}.Win8 Debug|Mixed Platforms.ActiveCfg = Debug|Any CPU
		{5C6B25E1-991B-4A2A-B9D3-8F5E672384FD}.Win8 Debug|Mixed Platforms.Build.0 = Debug|Any CPU
		{5C6B25E1-991B-4A2A-B9D3-8F5E672384FD}.Win8 Debug|x64.ActiveCfg = Debug|Any CPU
		{5C6B25E1-991B-4A2A-B9D3-8F5E672384FD}.Win8 Release|Any CPU.ActiveCfg = Release|Any CPU
		{5C6B25E1-991B-4A2A-B9D3-8F5E672384FD}.Win8 Release|Any CPU.Build.0 = Release|Any CPU
		{5C6B25E1-991B-4A2A-B9D3-8F5E672384FD}.Win8 Release|Mixed Platforms.ActiveCfg = Release|Any CPU
		{5C6B25E1-991B-4A2A-B9D3-8F5E672384FD}.Win8 Release|Mixed Platforms.Build.0 = Release|Any CPU
		{5C6B25E1-991B-4A2A-B9D3-8F5E672384FD}.Win8 Release|x64.ActiveCfg = Release|Any CPU
		{5C6B25E1-991B-4A2A-B9D3-8F5E672384FD}.Win8.1 Debug|Any CPU.ActiveCfg = Debug|Any CPU
		{5C6B25E1-991B-4A2A-B9D3-8F5E672384FD}.Win8.1 Debug|Any CPU.Build.0 = Debug|Any CPU
		{5C6B25E1-991B-4A2A-B9D3-8F5E672384FD}.Win8.1 Debug|Mixed Platforms.ActiveCfg = Debug|Any CPU
		{5C6B25E1-991B-4A2A-B9D3-8F5E672384FD}.Win8.1 Debug|Mixed Platforms.Build.0 = Debug|Any CPU
		{5C6B25E1-991B-4A2A-B9D3-8F5E672384FD}.Win8.1 Debug|x64.ActiveCfg = Debug|Any CPU
		{5C6B25E1-991B-4A2A-B9D3-8F5E672384FD}.Win8.1 Release|Any CPU.ActiveCfg = Release|Any CPU
		{5C6B25E1-991B-4A2A-B9D3-8F5E672384FD}.Win8.1 Release|Any CPU.Build.0 = Release|Any CPU
		{5C6B25E1-991B-4A2A-B9D3-8F5E672384FD}.Win8.1 Release|Mixed Platforms.ActiveCfg = Release|Any CPU
		{5C6B25E1-991B-4A2A-B9D3-8F5E672384FD}.Win8.1 Release|Mixed Platforms.Build.0 = Release|Any CPU
		{5C6B25E1-991B-4A2A-B9D3-8F5E672384FD}.Win8.1 Release|x64.ActiveCfg = Release|Any CPU
		{8270FCD3-8195-4761-95E1-2BFF95CCD876}.Debug|Any CPU.ActiveCfg = Debug|x64
		{8270FCD3-8195-4761-95E1-2BFF95CCD876}.Debug|Mixed Platforms.ActiveCfg = Debug|x64
		{8270FCD3-8195-4761-95E1-2BFF95CCD876}.Debug|Mixed Platforms.Build.0 = Debug|x64
		{8270FCD3-8195-4761-95E1-2BFF95CCD876}.Debug|x64.ActiveCfg = Debug|x64
		{8270FCD3-8195-4761-95E1-2BFF95CCD876}.Debug|x64.Build.0 = Debug|x64
		{8270FCD3-8195-4761-95E1-2BFF95CCD876}.Debug|x64.Deploy.0 = Debug|x64
		{8270FCD3-8195-4761-95E1-2BFF95CCD876}.MinSizeRel|Any CPU.ActiveCfg = RelWDbg|x64
		{8270FCD3-8195-4761-95E1-2BFF95CCD876}.MinSizeRel|Any CPU.Build.0 = RelWDbg|x64
		{8270FCD3-8195-4761-95E1-2BFF95CCD876}.MinSizeRel|Mixed Platforms.ActiveCfg = RelWDbg|Win32
		{8270FCD3-8195-4761-95E1-2BFF95CCD876}.MinSizeRel|Mixed Platforms.Build.0 = RelWDbg|Win32
		{8270FCD3-8195-4761-95E1-2BFF95CCD876}.MinSizeRel|x64.ActiveCfg = RelWDbg|x64
		{8270FCD3-8195-4761-95E1-2BFF95CCD876}.MinSizeRel|x64.Build.0 = RelWDbg|x64
		{8270FCD3-8195-4761-95E1-2BFF95CCD876}.Release|Any CPU.ActiveCfg = Release|x64
		{8270FCD3-8195-4761-95E1-2BFF95CCD876}.Release|Mixed Platforms.ActiveCfg = Release|x64
		{8270FCD3-8195-4761-95E1-2BFF95CCD876}.Release|Mixed Platforms.Build.0 = Release|x64
		{8270FCD3-8195-4761-95E1-2BFF95CCD876}.Release|x64.ActiveCfg = Release|x64
		{8270FCD3-8195-4761-95E1-2BFF95CCD876}.Release|x64.Build.0 = Release|x64
		{8270FCD3-8195-4761-95E1-2BFF95CCD876}.RelTest|Any CPU.ActiveCfg = RelTest|Win32
		{8270FCD3-8195-4761-95E1-2BFF95CCD876}.RelTest|Mixed Platforms.ActiveCfg = RelTest|Win32
		{8270FCD3-8195-4761-95E1-2BFF95CCD876}.RelTest|Mixed Platforms.Build.0 = RelTest|Win32
		{8270FCD3-8195-4761-95E1-2BFF95CCD876}.RelTest|Mixed Platforms.Deploy.0 = RelTest|Win32
		{8270FCD3-8195-4761-95E1-2BFF95CCD876}.RelTest|x64.ActiveCfg = RelTest|x64
		{8270FCD3-8195-4761-95E1-2BFF95CCD876}.RelTest|x64.Build.0 = RelTest|x64
		{8270FCD3-8195-4761-95E1-2BFF95CCD876}.RelTest|x64.Deploy.0 = RelTest|x64
		{8270FCD3-8195-4761-95E1-2BFF95CCD876}.RelWDbg|Any CPU.ActiveCfg = RelWDbg|Win32
		{8270FCD3-8195-4761-95E1-2BFF95CCD876}.RelWDbg|Mixed Platforms.ActiveCfg = RelWDbg|Win32
		{8270FCD3-8195-4761-95E1-2BFF95CCD876}.RelWDbg|Mixed Platforms.Build.0 = RelWDbg|Win32
		{8270FCD3-8195-4761-95E1-2BFF95CCD876}.RelWDbg|Mixed Platforms.Deploy.0 = RelWDbg|Win32
		{8270FCD3-8195-4761-95E1-2BFF95CCD876}.RelWDbg|x64.ActiveCfg = RelWDbg|x64
		{8270FCD3-8195-4761-95E1-2BFF95CCD876}.RelWDbg|x64.Build.0 = RelWDbg|x64
		{8270FCD3-8195-4761-95E1-2BFF95CCD876}.RelWDbg|x64.Deploy.0 = RelWDbg|x64
		{8270FCD3-8195-4761-95E1-2BFF95CCD876}.RelWithDebInfo|Any CPU.ActiveCfg = RelWDbg|x64
		{8270FCD3-8195-4761-95E1-2BFF95CCD876}.RelWithDebInfo|Any CPU.Build.0 = RelWDbg|x64
		{8270FCD3-8195-4761-95E1-2BFF95CCD876}.RelWithDebInfo|Mixed Platforms.ActiveCfg = RelWDbg|Win32
		{8270FCD3-8195-4761-95E1-2BFF95CCD876}.RelWithDebInfo|Mixed Platforms.Build.0 = RelWDbg|Win32
		{8270FCD3-8195-4761-95E1-2BFF95CCD876}.RelWithDebInfo|x64.ActiveCfg = RelWDbg|x64
		{8270FCD3-8195-4761-95E1-2BFF95CCD876}.RelWithDebInfo|x64.Build.0 = RelWDbg|x64
		{8270FCD3-8195-4761-95E1-2BFF95CCD876}.Win7 Debug|Any CPU.ActiveCfg = Debug|Win32
		{8270FCD3-8195-4761-95E1-2BFF95CCD876}.Win7 Debug|Mixed Platforms.ActiveCfg = Debug|Win32
		{8270FCD3-8195-4761-95E1-2BFF95CCD876}.Win7 Debug|Mixed Platforms.Build.0 = Debug|Win32
		{8270FCD3-8195-4761-95E1-2BFF95CCD876}.Win7 Debug|x64.ActiveCfg = Debug|x64
		{8270FCD3-8195-4761-95E1-2BFF95CCD876}.Win7 Debug|x64.Build.0 = Debug|x64
		{8270FCD3-8195-4761-95E1-2BFF95CCD876}.Win7 Release|Any CPU.ActiveCfg = Release|Win32
		{8270FCD3-8195-4761-95E1-2BFF95CCD876}.Win7 Release|Mixed Platforms.ActiveCfg = Release|Win32
		{8270FCD3-8195-4761-95E1-2BFF95CCD876}.Win7 Release|Mixed Platforms.Build.0 = Release|Win32
		{8270FCD3-8195-4761-95E1-2BFF95CCD876}.Win7 Release|x64.ActiveCfg = Release|x64
		{8270FCD3-8195-4761-95E1-2BFF95CCD876}.Win7 Release|x64.Build.0 = Release|x64
		{8270FCD3-8195-4761-95E1-2BFF95CCD876}.Win8 Debug|Any CPU.ActiveCfg = Debug|Win32
		{8270FCD3-8195-4761-95E1-2BFF95CCD876}.Win8 Debug|Mixed Platforms.ActiveCfg = Debug|Win32
		{8270FCD3-8195-4761-95E1-2BFF95CCD876}.Win8 Debug|Mixed Platforms.Build.0 = Debug|Win32
		{8270FCD3-8195-4761-95E1-2BFF95CCD876}.Win8 Debug|x64.ActiveCfg = Debug|x64
		{8270FCD3-8195-4761-95E1-2BFF95CCD876}.Win8 Debug|x64.Build.0 = Debug|x64
		{8270FCD3-8195-4761-95E1-2BFF95CCD876}.Win8 Release|Any CPU.ActiveCfg = Release|Win32
		{8270FCD3-8195-4761-95E1-2BFF95CCD876}.Win8 Release|Mixed Platforms.ActiveCfg = Release|Win32
		{8270FCD3-8195-4761-95E1-2BFF95CCD876}.Win8 Release|Mixed Platforms.Build.0 = Release|Win32
		{8270FCD3-8195-4761-95E1-2BFF95CCD876}.Win8 Release|x64.ActiveCfg = Release|x64
		{8270FCD3-8195-4761-95E1-2BFF95CCD876}.Win8 Release|x64.Build.0 = Release|x64
		{8270FCD3-8195-4761-95E1-2BFF95CCD876}.Win8.1 Debug|Any CPU.ActiveCfg = Debug|Win32
		{8270FCD3-8195-4761-95E1-2BFF95CCD876}.Win8.1 Debug|Mixed Platforms.ActiveCfg = Debug|Win32
		{8270FCD3-8195-4761-95E1-2BFF95CCD876}.Win8.1 Debug|Mixed Platforms.Build.0 = Debug|Win32
		{8270FCD3-8195-4761-95E1-2BFF95CCD876}.Win8.1 Debug|x64.ActiveCfg = Debug|x64
		{8270FCD3-8195-4761-95E1-2BFF95CCD876}.Win8.1 Debug|x64.Build.0 = Debug|x64
		{8270FCD3-8195-4761-95E1-2BFF95CCD876}.Win8.1 Release|Any CPU.ActiveCfg = Release|Win32
		{8270FCD3-8195-4761-95E1-2BFF95CCD876}.Win8.1 Release|Mixed Platforms.ActiveCfg = Release|Win32
		{8270FCD3-8195-4761-95E1-2BFF95CCD876}.Win8.1 Release|Mixed Platforms.Build.0 = Release|Win32
		{8270FCD3-8195-4761-95E1-2BFF95CCD876}.Win8.1 Release|x64.ActiveCfg = Release|x64
		{8270FCD3-8195-4761-95E1-2BFF95CCD876}.Win8.1 Release|x64.Build.0 = Release|x64
		{5677641C-725E-4A22-A441-AC8FEFA214FD}.Debug|Any CPU.ActiveCfg = Win8.1 Debug|x64
		{5677641C-725E-4A22-A441-AC8FEFA214FD}.Debug|Mixed Platforms.ActiveCfg = Win8.1 Debug|x64
		{5677641C-725E-4A22-A441-AC8FEFA214FD}.Debug|Mixed Platforms.Build.0 = Win8.1 Debug|x64
		{5677641C-725E-4A22-A441-AC8FEFA214FD}.Debug|x64.ActiveCfg = Win8.1 Debug|x64
		{5677641C-725E-4A22-A441-AC8FEFA214FD}.Debug|x64.Build.0 = Win8.1 Debug|x64
		{5677641C-725E-4A22-A441-AC8FEFA214FD}.MinSizeRel|Any CPU.ActiveCfg = Win8 Release|x64
		{5677641C-725E-4A22-A441-AC8FEFA214FD}.MinSizeRel|Any CPU.Build.0 = Win8 Release|x64
		{5677641C-725E-4A22-A441-AC8FEFA214FD}.MinSizeRel|Mixed Platforms.ActiveCfg = Win8 Release|Win32
		{5677641C-725E-4A22-A441-AC8FEFA214FD}.MinSizeRel|Mixed Platforms.Build.0 = Win8 Release|Win32
		{5677641C-725E-4A22-A441-AC8FEFA214FD}.MinSizeRel|x64.ActiveCfg = Win8 Release|x64
		{5677641C-725E-4A22-A441-AC8FEFA214FD}.MinSizeRel|x64.Build.0 = Win8 Release|x64
		{5677641C-725E-4A22-A441-AC8FEFA214FD}.Release|Any CPU.ActiveCfg = Win8.1 Release|x64
		{5677641C-725E-4A22-A441-AC8FEFA214FD}.Release|Any CPU.Build.0 = Win8.1 Release|x64
		{5677641C-725E-4A22-A441-AC8FEFA214FD}.Release|Mixed Platforms.ActiveCfg = Win8.1 Release|x64
		{5677641C-725E-4A22-A441-AC8FEFA214FD}.Release|Mixed Platforms.Build.0 = Win8.1 Release|x64
		{5677641C-725E-4A22-A441-AC8FEFA214FD}.Release|x64.ActiveCfg = Win8.1 Release|x64
		{5677641C-725E-4A22-A441-AC8FEFA214FD}.Release|x64.Build.0 = Win8.1 Release|x64
		{5677641C-725E-4A22-A441-AC8FEFA214FD}.RelTest|Any CPU.ActiveCfg = Win7 Debug|Win32
		{5677641C-725E-4A22-A441-AC8FEFA214FD}.RelTest|Mixed Platforms.ActiveCfg = Win8.1 Release|Win32
		{5677641C-725E-4A22-A441-AC8FEFA214FD}.RelTest|Mixed Platforms.Build.0 = Win8.1 Release|Win32
		{5677641C-725E-4A22-A441-AC8FEFA214FD}.RelTest|x64.ActiveCfg = Win8.1 Release|x64
		{5677641C-725E-4A22-A441-AC8FEFA214FD}.RelTest|x64.Build.0 = Win8.1 Release|x64
		{5677641C-725E-4A22-A441-AC8FEFA214FD}.RelWDbg|Any CPU.ActiveCfg = Win8.1 Release|Win32
		{5677641C-725E-4A22-A441-AC8FEFA214FD}.RelWDbg|Mixed Platforms.ActiveCfg = Win8.1 Release|Win32
		{5677641C-725E-4A22-A441-AC8FEFA214FD}.RelWDbg|Mixed Platforms.Build.0 = Win8.1 Release|Win32
		{5677641C-725E-4A22-A441-AC8FEFA214FD}.RelWDbg|x64.ActiveCfg = Win8.1 Release|x64
		{5677641C-725E-4A22-A441-AC8FEFA214FD}.RelWDbg|x64.Build.0 = Win8.1 Release|x64
		{5677641C-725E-4A22-A441-AC8FEFA214FD}.RelWithDebInfo|Any CPU.ActiveCfg = Win8 Release|x64
		{5677641C-725E-4A22-A441-AC8FEFA214FD}.RelWithDebInfo|Any CPU.Build.0 = Win8 Release|x64
		{5677641C-725E-4A22-A441-AC8FEFA214FD}.RelWithDebInfo|Mixed Platforms.ActiveCfg = Win8 Release|Win32
		{5677641C-725E-4A22-A441-AC8FEFA214FD}.RelWithDebInfo|Mixed Platforms.Build.0 = Win8 Release|Win32
		{5677641C-725E-4A22-A441-AC8FEFA214FD}.RelWithDebInfo|x64.ActiveCfg = Win8 Release|x64
		{5677641C-725E-4A22-A441-AC8FEFA214FD}.RelWithDebInfo|x64.Build.0 = Win8 Release|x64
		{5677641C-725E-4A22-A441-AC8FEFA214FD}.Win7 Debug|Any CPU.ActiveCfg = Win7 Debug|Win32
		{5677641C-725E-4A22-A441-AC8FEFA214FD}.Win7 Debug|Mixed Platforms.ActiveCfg = Win7 Debug|Win32
		{5677641C-725E-4A22-A441-AC8FEFA214FD}.Win7 Debug|Mixed Platforms.Build.0 = Win7 Debug|Win32
		{5677641C-725E-4A22-A441-AC8FEFA214FD}.Win7 Debug|x64.ActiveCfg = Win7 Debug|x64
		{5677641C-725E-4A22-A441-AC8FEFA214FD}.Win7 Debug|x64.Build.0 = Win7 Debug|x64
		{5677641C-725E-4A22-A441-AC8FEFA214FD}.Win7 Release|Any CPU.ActiveCfg = Win7 Release|Win32
		{5677641C-725E-4A22-A441-AC8FEFA214FD}.Win7 Release|Mixed Platforms.ActiveCfg = Win7 Release|Win32
		{5677641C-725E-4A22-A441-AC8FEFA214FD}.Win7 Release|Mixed Platforms.Build.0 = Win7 Release|Win32
		{5677641C-725E-4A22-A441-AC8FEFA214FD}.Win7 Release|x64.ActiveCfg = Win7 Release|x64
		{5677641C-725E-4A22-A441-AC8FEFA214FD}.Win7 Release|x64.Build.0 = Win7 Release|x64
		{5677641C-725E-4A22-A441-AC8FEFA214FD}.Win8 Debug|Any CPU.ActiveCfg = Win8 Debug|Win32
		{5677641C-725E-4A22-A441-AC8FEFA214FD}.Win8 Debug|Mixed Platforms.ActiveCfg = Win8 Debug|Win32
		{5677641C-725E-4A22-A441-AC8FEFA214FD}.Win8 Debug|Mixed Platforms.Build.0 = Win8 Debug|Win32
		{5677641C-725E-4A22-A441-AC8FEFA214FD}.Win8 Debug|x64.ActiveCfg = Win8 Debug|x64
		{5677641C-725E-4A22-A441-AC8FEFA214FD}.Win8 Debug|x64.Build.0 = Win8 Debug|x64
		{5677641C-725E-4A22-A441-AC8FEFA214FD}.Win8 Release|Any CPU.ActiveCfg = Win8 Release|Win32
		{5677641C-725E-4A22-A441-AC8FEFA214FD}.Win8 Release|Mixed Platforms.ActiveCfg = Win8 Release|Win32
		{5677641C-725E-4A22-A441-AC8FEFA214FD}.Win8 Release|Mixed Platforms.Build.0 = Win8 Release|Win32
		{5677641C-725E-4A22-A441-AC8FEFA214FD}.Win8 Release|x64.ActiveCfg = Win8 Release|x64
		{5677641C-725E-4A22-A441-AC8FEFA214FD}.Win8 Release|x64.Build.0 = Win8 Release|x64
		{5677641C-725E-4A22-A441-AC8FEFA214FD}.Win8.1 Debug|Any CPU.ActiveCfg = Win8.1 Debug|Win32
		{5677641C-725E-4A22-A441-AC8FEFA214FD}.Win8.1 Debug|Mixed Platforms.ActiveCfg = Win8.1 Debug|Win32
		{5677641C-725E-4A22-A441-AC8FEFA214FD}.Win8.1 Debug|Mixed Platforms.Build.0 = Win8.1 Debug|Win32
		{5677641C-725E-4A22-A441-AC8FEFA214FD}.Win8.1 Debug|x64.ActiveCfg = Win8.1 Debug|x64
		{5677641C-725E-4A22-A441-AC8FEFA214FD}.Win8.1 Debug|x64.Build.0 = Win8.1 Debug|x64
		{5677641C-725E-4A22-A441-AC8FEFA214FD}.Win8.1 Release|Any CPU.ActiveCfg = Win8.1 Release|Win32
		{5677641C-725E-4A22-A441-AC8FEFA214FD}.Win8.1 Release|Mixed Platforms.ActiveCfg = Win8.1 Release|Win32
		{5677641C-725E-4A22-A441-AC8FEFA214FD}.Win8.1 Release|Mixed Platforms.Build.0 = Win8.1 Release|Win32
		{5677641C-725E-4A22-A441-AC8FEFA214FD}.Win8.1 Release|x64.ActiveCfg = Win8.1 Release|x64
		{5677641C-725E-4A22-A441-AC8FEFA214FD}.Win8.1 Release|x64.Build.0 = Win8.1 Release|x64
		{31880FB6-5B86-42B8-AB92-864045B5D7A2}.Debug|Any CPU.ActiveCfg = Debug|Any CPU
		{31880FB6-5B86-42B8-AB92-864045B5D7A2}.Debug|Any CPU.Build.0 = Debug|Any CPU
		{31880FB6-5B86-42B8-AB92-864045B5D7A2}.Debug|Mixed Platforms.ActiveCfg = Debug|x64
		{31880FB6-5B86-42B8-AB92-864045B5D7A2}.Debug|Mixed Platforms.Build.0 = Debug|x64
		{31880FB6-5B86-42B8-AB92-864045B5D7A2}.Debug|x64.ActiveCfg = Debug|x64
		{31880FB6-5B86-42B8-AB92-864045B5D7A2}.Debug|x64.Build.0 = Debug|x64
		{31880FB6-5B86-42B8-AB92-864045B5D7A2}.MinSizeRel|Any CPU.ActiveCfg = Release|Any CPU
		{31880FB6-5B86-42B8-AB92-864045B5D7A2}.MinSizeRel|Any CPU.Build.0 = Release|Any CPU
		{31880FB6-5B86-42B8-AB92-864045B5D7A2}.MinSizeRel|Mixed Platforms.ActiveCfg = Release|x86
		{31880FB6-5B86-42B8-AB92-864045B5D7A2}.MinSizeRel|Mixed Platforms.Build.0 = Release|x86
		{31880FB6-5B86-42B8-AB92-864045B5D7A2}.MinSizeRel|x64.ActiveCfg = Release|x64
		{31880FB6-5B86-42B8-AB92-864045B5D7A2}.MinSizeRel|x64.Build.0 = Release|x64
		{31880FB6-5B86-42B8-AB92-864045B5D7A2}.Release|Any CPU.ActiveCfg = Release|Any CPU
		{31880FB6-5B86-42B8-AB92-864045B5D7A2}.Release|Any CPU.Build.0 = Release|Any CPU
		{31880FB6-5B86-42B8-AB92-864045B5D7A2}.Release|Mixed Platforms.ActiveCfg = Release|x64
		{31880FB6-5B86-42B8-AB92-864045B5D7A2}.Release|Mixed Platforms.Build.0 = Release|x64
		{31880FB6-5B86-42B8-AB92-864045B5D7A2}.Release|x64.ActiveCfg = Release|x64
		{31880FB6-5B86-42B8-AB92-864045B5D7A2}.Release|x64.Build.0 = Release|x64
		{31880FB6-5B86-42B8-AB92-864045B5D7A2}.RelTest|Any CPU.ActiveCfg = Release|Any CPU
		{31880FB6-5B86-42B8-AB92-864045B5D7A2}.RelTest|Any CPU.Build.0 = Release|Any CPU
		{31880FB6-5B86-42B8-AB92-864045B5D7A2}.RelTest|Mixed Platforms.ActiveCfg = Release|x86
		{31880FB6-5B86-42B8-AB92-864045B5D7A2}.RelTest|Mixed Platforms.Build.0 = Release|x86
		{31880FB6-5B86-42B8-AB92-864045B5D7A2}.RelTest|x64.ActiveCfg = Release|x64
		{31880FB6-5B86-42B8-AB92-864045B5D7A2}.RelTest|x64.Build.0 = Release|x64
		{31880FB6-5B86-42B8-AB92-864045B5D7A2}.RelWDbg|Any CPU.ActiveCfg = Release|Any CPU
		{31880FB6-5B86-42B8-AB92-864045B5D7A2}.RelWDbg|Any CPU.Build.0 = Release|Any CPU
		{31880FB6-5B86-42B8-AB92-864045B5D7A2}.RelWDbg|Mixed Platforms.ActiveCfg = Release|x86
		{31880FB6-5B86-42B8-AB92-864045B5D7A2}.RelWDbg|Mixed Platforms.Build.0 = Release|x86
		{31880FB6-5B86-42B8-AB92-864045B5D7A2}.RelWDbg|x64.ActiveCfg = Release|x64
		{31880FB6-5B86-42B8-AB92-864045B5D7A2}.RelWDbg|x64.Build.0 = Release|x64
		{31880FB6-5B86-42B8-AB92-864045B5D7A2}.RelWithDebInfo|Any CPU.ActiveCfg = Release|Any CPU
		{31880FB6-5B86-42B8-AB92-864045B5D7A2}.RelWithDebInfo|Any CPU.Build.0 = Release|Any CPU
		{31880FB6-5B86-42B8-AB92-864045B5D7A2}.RelWithDebInfo|Mixed Platforms.ActiveCfg = Release|x86
		{31880FB6-5B86-42B8-AB92-864045B5D7A2}.RelWithDebInfo|Mixed Platforms.Build.0 = Release|x86
		{31880FB6-5B86-42B8-AB92-864045B5D7A2}.RelWithDebInfo|x64.ActiveCfg = Release|x64
		{31880FB6-5B86-42B8-AB92-864045B5D7A2}.RelWithDebInfo|x64.Build.0 = Release|x64
		{31880FB6-5B86-42B8-AB92-864045B5D7A2}.Win7 Debug|Any CPU.ActiveCfg = Debug|Any CPU
		{31880FB6-5B86-42B8-AB92-864045B5D7A2}.Win7 Debug|Any CPU.Build.0 = Debug|Any CPU
		{31880FB6-5B86-42B8-AB92-864045B5D7A2}.Win7 Debug|Mixed Platforms.ActiveCfg = Debug|x86
		{31880FB6-5B86-42B8-AB92-864045B5D7A2}.Win7 Debug|Mixed Platforms.Build.0 = Debug|x86
		{31880FB6-5B86-42B8-AB92-864045B5D7A2}.Win7 Debug|x64.ActiveCfg = Debug|x64
		{31880FB6-5B86-42B8-AB92-864045B5D7A2}.Win7 Debug|x64.Build.0 = Debug|x64
		{31880FB6-5B86-42B8-AB92-864045B5D7A2}.Win7 Release|Any CPU.ActiveCfg = Release|Any CPU
		{31880FB6-5B86-42B8-AB92-864045B5D7A2}.Win7 Release|Any CPU.Build.0 = Release|Any CPU
		{31880FB6-5B86-42B8-AB92-864045B5D7A2}.Win7 Release|Mixed Platforms.ActiveCfg = Release|x86
		{31880FB6-5B86-42B8-AB92-864045B5D7A2}.Win7 Release|Mixed Platforms.Build.0 = Release|x86
		{31880FB6-5B86-42B8-AB92-864045B5D7A2}.Win7 Release|x64.ActiveCfg = Release|x64
		{31880FB6-5B86-42B8-AB92-864045B5D7A2}.Win7 Release|x64.Build.0 = Release|x64
		{31880FB6-5B86-42B8-AB92-864045B5D7A2}.Win8 Debug|Any CPU.ActiveCfg = Debug|Any CPU
		{31880FB6-5B86-42B8-AB92-864045B5D7A2}.Win8 Debug|Any CPU.Build.0 = Debug|Any CPU
		{31880FB6-5B86-42B8-AB92-864045B5D7A2}.Win8 Debug|Mixed Platforms.ActiveCfg = Debug|x86
		{31880FB6-5B86-42B8-AB92-864045B5D7A2}.Win8 Debug|Mixed Platforms.Build.0 = Debug|x86
		{31880FB6-5B86-42B8-AB92-864045B5D7A2}.Win8 Debug|x64.ActiveCfg = Debug|x64
		{31880FB6-5B86-42B8-AB92-864045B5D7A2}.Win8 Debug|x64.Build.0 = Debug|x64
		{31880FB6-5B86-42B8-AB92-864045B5D7A2}.Win8 Release|Any CPU.ActiveCfg = Release|Any CPU
		{31880FB6-5B86-42B8-AB92-864045B5D7A2}.Win8 Release|Any CPU.Build.0 = Release|Any CPU
		{31880FB6-5B86-42B8-AB92-864045B5D7A2}.Win8 Release|Mixed Platforms.ActiveCfg = Release|x86
		{31880FB6-5B86-42B8-AB92-864045B5D7A2}.Win8 Release|Mixed Platforms.Build.0 = Release|x86
		{31880FB6-5B86-42B8-AB92-864045B5D7A2}.Win8 Release|x64.ActiveCfg = Release|x64
		{31880FB6-5B86-42B8-AB92-864045B5D7A2}.Win8 Release|x64.Build.0 = Release|x64
		{31880FB6-5B86-42B8-AB92-864045B5D7A2}.Win8.1 Debug|Any CPU.ActiveCfg = Debug|Any CPU
		{31880FB6-5B86-42B8-AB92-864045B5D7A2}.Win8.1 Debug|Any CPU.Build.0 = Debug|Any CPU
		{31880FB6-5B86-42B8-AB92-864045B5D7A2}.Win8.1 Debug|Mixed Platforms.ActiveCfg = Debug|x86
		{31880FB6-5B86-42B8-AB92-864045B5D7A2}.Win8.1 Debug|Mixed Platforms.Build.0 = Debug|x86
		{31880FB6-5B86-42B8-AB92-864045B5D7A2}.Win8.1 Debug|x64.ActiveCfg = Debug|x64
		{31880FB6-5B86-42B8-AB92-864045B5D7A2}.Win8.1 Debug|x64.Build.0 = Debug|x64
		{31880FB6-5B86-42B8-AB92-864045B5D7A2}.Win8.1 Release|Any CPU.ActiveCfg = Release|Any CPU
		{31880FB6-5B86-42B8-AB92-864045B5D7A2}.Win8.1 Release|Any CPU.Build.0 = Release|Any CPU
		{31880FB6-5B86-42B8-AB92-864045B5D7A2}.Win8.1 Release|Mixed Platforms.ActiveCfg = Release|x86
		{31880FB6-5B86-42B8-AB92-864045B5D7A2}.Win8.1 Release|Mixed Platforms.Build.0 = Release|x86
		{31880FB6-5B86-42B8-AB92-864045B5D7A2}.Win8.1 Release|x64.ActiveCfg = Release|x64
		{31880FB6-5B86-42B8-AB92-864045B5D7A2}.Win8.1 Release|x64.Build.0 = Release|x64
		{F5A866CC-151E-472A-8020-75F62D74D687}.Debug|Any CPU.ActiveCfg = Debug|Any CPU
		{F5A866CC-151E-472A-8020-75F62D74D687}.Debug|Any CPU.Build.0 = Debug|Any CPU
		{F5A866CC-151E-472A-8020-75F62D74D687}.Debug|Mixed Platforms.ActiveCfg = Debug|Any CPU
		{F5A866CC-151E-472A-8020-75F62D74D687}.Debug|Mixed Platforms.Build.0 = Debug|Any CPU
		{F5A866CC-151E-472A-8020-75F62D74D687}.Debug|x64.ActiveCfg = Debug|Any CPU
		{F5A866CC-151E-472A-8020-75F62D74D687}.MinSizeRel|Any CPU.ActiveCfg = Release|Any CPU
		{F5A866CC-151E-472A-8020-75F62D74D687}.MinSizeRel|Any CPU.Build.0 = Release|Any CPU
		{F5A866CC-151E-472A-8020-75F62D74D687}.MinSizeRel|Mixed Platforms.ActiveCfg = Release|Any CPU
		{F5A866CC-151E-472A-8020-75F62D74D687}.MinSizeRel|Mixed Platforms.Build.0 = Release|Any CPU
		{F5A866CC-151E-472A-8020-75F62D74D687}.MinSizeRel|x64.ActiveCfg = Release|Any CPU
		{F5A866CC-151E-472A-8020-75F62D74D687}.MinSizeRel|x64.Build.0 = Release|Any CPU
		{F5A866CC-151E-472A-8020-75F62D74D687}.Release|Any CPU.ActiveCfg = Release|Any CPU
		{F5A866CC-151E-472A-8020-75F62D74D687}.Release|Any CPU.Build.0 = Release|Any CPU
		{F5A866CC-151E-472A-8020-75F62D74D687}.Release|Mixed Platforms.ActiveCfg = Release|Any CPU
		{F5A866CC-151E-472A-8020-75F62D74D687}.Release|Mixed Platforms.Build.0 = Release|Any CPU
		{F5A866CC-151E-472A-8020-75F62D74D687}.Release|x64.ActiveCfg = Release|Any CPU
		{F5A866CC-151E-472A-8020-75F62D74D687}.RelTest|Any CPU.ActiveCfg = Release|Any CPU
		{F5A866CC-151E-472A-8020-75F62D74D687}.RelTest|Any CPU.Build.0 = Release|Any CPU
		{F5A866CC-151E-472A-8020-75F62D74D687}.RelTest|Mixed Platforms.ActiveCfg = Release|Any CPU
		{F5A866CC-151E-472A-8020-75F62D74D687}.RelTest|Mixed Platforms.Build.0 = Release|Any CPU
		{F5A866CC-151E-472A-8020-75F62D74D687}.RelTest|x64.ActiveCfg = Release|Any CPU
		{F5A866CC-151E-472A-8020-75F62D74D687}.RelWDbg|Any CPU.ActiveCfg = Release|Any CPU
		{F5A866CC-151E-472A-8020-75F62D74D687}.RelWDbg|Any CPU.Build.0 = Release|Any CPU
		{F5A866CC-151E-472A-8020-75F62D74D687}.RelWDbg|Mixed Platforms.ActiveCfg = Release|Any CPU
		{F5A866CC-151E-472A-8020-75F62D74D687}.RelWDbg|Mixed Platforms.Build.0 = Release|Any CPU
		{F5A866CC-151E-472A-8020-75F62D74D687}.RelWDbg|x64.ActiveCfg = Release|Any CPU
		{F5A866CC-151E-472A-8020-75F62D74D687}.RelWithDebInfo|Any CPU.ActiveCfg = Release|Any CPU
		{F5A866CC-151E-472A-8020-75F62D74D687}.RelWithDebInfo|Any CPU.Build.0 = Release|Any CPU
		{F5A866CC-151E-472A-8020-75F62D74D687}.RelWithDebInfo|Mixed Platforms.ActiveCfg = Release|Any CPU
		{F5A866CC-151E-472A-8020-75F62D74D687}.RelWithDebInfo|Mixed Platforms.Build.0 = Release|Any CPU
		{F5A866CC-151E-472A-8020-75F62D74D687}.RelWithDebInfo|x64.ActiveCfg = Release|Any CPU
		{F5A866CC-151E-472A-8020-75F62D74D687}.RelWithDebInfo|x64.Build.0 = Release|Any CPU
		{F5A866CC-151E-472A-8020-75F62D74D687}.Win7 Debug|Any CPU.ActiveCfg = Debug|Any CPU
		{F5A866CC-151E-472A-8020-75F62D74D687}.Win7 Debug|Any CPU.Build.0 = Debug|Any CPU
		{F5A866CC-151E-472A-8020-75F62D74D687}.Win7 Debug|Mixed Platforms.ActiveCfg = Debug|Any CPU
		{F5A866CC-151E-472A-8020-75F62D74D687}.Win7 Debug|Mixed Platforms.Build.0 = Debug|Any CPU
		{F5A866CC-151E-472A-8020-75F62D74D687}.Win7 Debug|x64.ActiveCfg = Debug|Any CPU
		{F5A866CC-151E-472A-8020-75F62D74D687}.Win7 Release|Any CPU.ActiveCfg = Release|Any CPU
		{F5A866CC-151E-472A-8020-75F62D74D687}.Win7 Release|Any CPU.Build.0 = Release|Any CPU
		{F5A866CC-151E-472A-8020-75F62D74D687}.Win7 Release|Mixed Platforms.ActiveCfg = Release|Any CPU
		{F5A866CC-151E-472A-8020-75F62D74D687}.Win7 Release|Mixed Platforms.Build.0 = Release|Any CPU
		{F5A866CC-151E-472A-8020-75F62D74D687}.Win7 Release|x64.ActiveCfg = Release|Any CPU
		{F5A866CC-151E-472A-8020-75F62D74D687}.Win8 Debug|Any CPU.ActiveCfg = Debug|Any CPU
		{F5A866CC-151E-472A-8020-75F62D74D687}.Win8 Debug|Any CPU.Build.0 = Debug|Any CPU
		{F5A866CC-151E-472A-8020-75F62D74D687}.Win8 Debug|Mixed Platforms.ActiveCfg = Debug|Any CPU
		{F5A866CC-151E-472A-8020-75F62D74D687}.Win8 Debug|Mixed Platforms.Build.0 = Debug|Any CPU
		{F5A866CC-151E-472A-8020-75F62D74D687}.Win8 Debug|x64.ActiveCfg = Debug|Any CPU
		{F5A866CC-151E-472A-8020-75F62D74D687}.Win8 Release|Any CPU.ActiveCfg = Release|Any CPU
		{F5A866CC-151E-472A-8020-75F62D74D687}.Win8 Release|Any CPU.Build.0 = Release|Any CPU
		{F5A866CC-151E-472A-8020-75F62D74D687}.Win8 Release|Mixed Platforms.ActiveCfg = Release|Any CPU
		{F5A866CC-151E-472A-8020-75F62D74D687}.Win8 Release|Mixed Platforms.Build.0 = Release|Any CPU
		{F5A866CC-151E-472A-8020-75F62D74D687}.Win8 Release|x64.ActiveCfg = Release|Any CPU
		{F5A866CC-151E-472A-8020-75F62D74D687}.Win8.1 Debug|Any CPU.ActiveCfg = Debug|Any CPU
		{F5A866CC-151E-472A-8020-75F62D74D687}.Win8.1 Debug|Any CPU.Build.0 = Debug|Any CPU
		{F5A866CC-151E-472A-8020-75F62D74D687}.Win8.1 Debug|Mixed Platforms.ActiveCfg = Debug|Any CPU
		{F5A866CC-151E-472A-8020-75F62D74D687}.Win8.1 Debug|Mixed Platforms.Build.0 = Debug|Any CPU
		{F5A866CC-151E-472A-8020-75F62D74D687}.Win8.1 Debug|x64.ActiveCfg = Debug|Any CPU
		{F5A866CC-151E-472A-8020-75F62D74D687}.Win8.1 Release|Any CPU.ActiveCfg = Release|Any CPU
		{F5A866CC-151E-472A-8020-75F62D74D687}.Win8.1 Release|Any CPU.Build.0 = Release|Any CPU
		{F5A866CC-151E-472A-8020-75F62D74D687}.Win8.1 Release|Mixed Platforms.ActiveCfg = Release|Any CPU
		{F5A866CC-151E-472A-8020-75F62D74D687}.Win8.1 Release|Mixed Platforms.Build.0 = Release|Any CPU
		{F5A866CC-151E-472A-8020-75F62D74D687}.Win8.1 Release|x64.ActiveCfg = Release|Any CPU
		{92D51A33-7BF0-47FD-9ECE-D758FFE1691D}.Debug|Any CPU.ActiveCfg = Debug|Any CPU
		{92D51A33-7BF0-47FD-9ECE-D758FFE1691D}.Debug|Any CPU.Build.0 = Debug|Any CPU
		{92D51A33-7BF0-47FD-9ECE-D758FFE1691D}.Debug|Mixed Platforms.ActiveCfg = Debug|Any CPU
		{92D51A33-7BF0-47FD-9ECE-D758FFE1691D}.Debug|Mixed Platforms.Build.0 = Debug|Any CPU
		{92D51A33-7BF0-47FD-9ECE-D758FFE1691D}.Debug|x64.ActiveCfg = Debug|Any CPU
		{92D51A33-7BF0-47FD-9ECE-D758FFE1691D}.MinSizeRel|Any CPU.ActiveCfg = Release|Any CPU
		{92D51A33-7BF0-47FD-9ECE-D758FFE1691D}.MinSizeRel|Any CPU.Build.0 = Release|Any CPU
		{92D51A33-7BF0-47FD-9ECE-D758FFE1691D}.MinSizeRel|Mixed Platforms.ActiveCfg = Release|Any CPU
		{92D51A33-7BF0-47FD-9ECE-D758FFE1691D}.MinSizeRel|Mixed Platforms.Build.0 = Release|Any CPU
		{92D51A33-7BF0-47FD-9ECE-D758FFE1691D}.MinSizeRel|x64.ActiveCfg = Release|Any CPU
		{92D51A33-7BF0-47FD-9ECE-D758FFE1691D}.MinSizeRel|x64.Build.0 = Release|Any CPU
		{92D51A33-7BF0-47FD-9ECE-D758FFE1691D}.Release|Any CPU.ActiveCfg = Release|Any CPU
		{92D51A33-7BF0-47FD-9ECE-D758FFE1691D}.Release|Any CPU.Build.0 = Release|Any CPU
		{92D51A33-7BF0-47FD-9ECE-D758FFE1691D}.Release|Mixed Platforms.ActiveCfg = Release|Any CPU
		{92D51A33-7BF0-47FD-9ECE-D758FFE1691D}.Release|Mixed Platforms.Build.0 = Release|Any CPU
		{92D51A33-7BF0-47FD-9ECE-D758FFE1691D}.Release|x64.ActiveCfg = Release|Any CPU
		{92D51A33-7BF0-47FD-9ECE-D758FFE1691D}.RelTest|Any CPU.ActiveCfg = Release|Any CPU
		{92D51A33-7BF0-47FD-9ECE-D758FFE1691D}.RelTest|Any CPU.Build.0 = Release|Any CPU
		{92D51A33-7BF0-47FD-9ECE-D758FFE1691D}.RelTest|Mixed Platforms.ActiveCfg = Release|Any CPU
		{92D51A33-7BF0-47FD-9ECE-D758FFE1691D}.RelTest|Mixed Platforms.Build.0 = Release|Any CPU
		{92D51A33-7BF0-47FD-9ECE-D758FFE1691D}.RelTest|x64.ActiveCfg = Release|Any CPU
		{92D51A33-7BF0-47FD-9ECE-D758FFE1691D}.RelWDbg|Any CPU.ActiveCfg = Release|Any CPU
		{92D51A33-7BF0-47FD-9ECE-D758FFE1691D}.RelWDbg|Any CPU.Build.0 = Release|Any CPU
		{92D51A33-7BF0-47FD-9ECE-D758FFE1691D}.RelWDbg|Mixed Platforms.ActiveCfg = Release|Any CPU
		{92D51A33-7BF0-47FD-9ECE-D758FFE1691D}.RelWDbg|Mixed Platforms.Build.0 = Release|Any CPU
		{92D51A33-7BF0-47FD-9ECE-D758FFE1691D}.RelWDbg|x64.ActiveCfg = Release|Any CPU
		{92D51A33-7BF0-47FD-9ECE-D758FFE1691D}.RelWithDebInfo|Any CPU.ActiveCfg = Release|Any CPU
		{92D51A33-7BF0-47FD-9ECE-D758FFE1691D}.RelWithDebInfo|Any CPU.Build.0 = Release|Any CPU
		{92D51A33-7BF0-47FD-9ECE-D758FFE1691D}.RelWithDebInfo|Mixed Platforms.ActiveCfg = Release|Any CPU
		{92D51A33-7BF0-47FD-9ECE-D758FFE1691D}.RelWithDebInfo|Mixed Platforms.Build.0 = Release|Any CPU
		{92D51A33-7BF0-47FD-9ECE-D758FFE1691D}.RelWithDebInfo|x64.ActiveCfg = Release|Any CPU
		{92D51A33-7BF0-47FD-9ECE-D758FFE1691D}.RelWithDebInfo|x64.Build.0 = Release|Any CPU
		{92D51A33-7BF0-47FD-9ECE-D758FFE1691D}.Win7 Debug|Any CPU.ActiveCfg = Debug|Any CPU
		{92D51A33-7BF0-47FD-9ECE-D758FFE1691D}.Win7 Debug|Any CPU.Build.0 = Debug|Any CPU
		{92D51A33-7BF0-47FD-9ECE-D758FFE1691D}.Win7 Debug|Mixed Platforms.ActiveCfg = Debug|Any CPU
		{92D51A33-7BF0-47FD-9ECE-D758FFE1691D}.Win7 Debug|Mixed Platforms.Build.0 = Debug|Any CPU
		{92D51A33-7BF0-47FD-9ECE-D758FFE1691D}.Win7 Debug|x64.ActiveCfg = Debug|Any CPU
		{92D51A33-7BF0-47FD-9ECE-D758FFE1691D}.Win7 Release|Any CPU.ActiveCfg = Release|Any CPU
		{92D51A33-7BF0-47FD-9ECE-D758FFE1691D}.Win7 Release|Any CPU.Build.0 = Release|Any CPU
		{92D51A33-7BF0-47FD-9ECE-D758FFE1691D}.Win7 Release|Mixed Platforms.ActiveCfg = Release|Any CPU
		{92D51A33-7BF0-47FD-9ECE-D758FFE1691D}.Win7 Release|Mixed Platforms.Build.0 = Release|Any CPU
		{92D51A33-7BF0-47FD-9ECE-D758FFE1691D}.Win7 Release|x64.ActiveCfg = Release|Any CPU
		{92D51A33-7BF0-47FD-9ECE-D758FFE1691D}.Win8 Debug|Any CPU.ActiveCfg = Debug|Any CPU
		{92D51A33-7BF0-47FD-9ECE-D758FFE1691D}.Win8 Debug|Any CPU.Build.0 = Debug|Any CPU
		{92D51A33-7BF0-47FD-9ECE-D758FFE1691D}.Win8 Debug|Mixed Platforms.ActiveCfg = Debug|Any CPU
		{92D51A33-7BF0-47FD-9ECE-D758FFE1691D}.Win8 Debug|Mixed Platforms.Build.0 = Debug|Any CPU
		{92D51A33-7BF0-47FD-9ECE-D758FFE1691D}.Win8 Debug|x64.ActiveCfg = Debug|Any CPU
		{92D51A33-7BF0-47FD-9ECE-D758FFE1691D}.Win8 Release|Any CPU.ActiveCfg = Release|Any CPU
		{92D51A33-7BF0-47FD-9ECE-D758FFE1691D}.Win8 Release|Any CPU.Build.0 = Release|Any CPU
		{92D51A33-7BF0-47FD-9ECE-D758FFE1691D}.Win8 Release|Mixed Platforms.ActiveCfg = Release|Any CPU
		{92D51A33-7BF0-47FD-9ECE-D758FFE1691D}.Win8 Release|Mixed Platforms.Build.0 = Release|Any CPU
		{92D51A33-7BF0-47FD-9ECE-D758FFE1691D}.Win8 Release|x64.ActiveCfg = Release|Any CPU
		{92D51A33-7BF0-47FD-9ECE-D758FFE1691D}.Win8.1 Debug|Any CPU.ActiveCfg = Debug|Any CPU
		{92D51A33-7BF0-47FD-9ECE-D758FFE1691D}.Win8.1 Debug|Any CPU.Build.0 = Debug|Any CPU
		{92D51A33-7BF0-47FD-9ECE-D758FFE1691D}.Win8.1 Debug|Mixed Platforms.ActiveCfg = Debug|Any CPU
		{92D51A33-7BF0-47FD-9ECE-D758FFE1691D}.Win8.1 Debug|Mixed Platforms.Build.0 = Debug|Any CPU
		{92D51A33-7BF0-47FD-9ECE-D758FFE1691D}.Win8.1 Debug|x64.ActiveCfg = Debug|Any CPU
		{92D51A33-7BF0-47FD-9ECE-D758FFE1691D}.Win8.1 Release|Any CPU.ActiveCfg = Release|Any CPU
		{92D51A33-7BF0-47FD-9ECE-D758FFE1691D}.Win8.1 Release|Any CPU.Build.0 = Release|Any CPU
		{92D51A33-7BF0-47FD-9ECE-D758FFE1691D}.Win8.1 Release|Mixed Platforms.ActiveCfg = Release|Any CPU
		{92D51A33-7BF0-47FD-9ECE-D758FFE1691D}.Win8.1 Release|Mixed Platforms.Build.0 = Release|Any CPU
		{92D51A33-7BF0-47FD-9ECE-D758FFE1691D}.Win8.1 Release|x64.ActiveCfg = Release|Any CPU
		{65A01864-0F66-41A9-AEE7-A3BE9AFE74AB}.Debug|Any CPU.ActiveCfg = Debug
		{65A01864-0F66-41A9-AEE7-A3BE9AFE74AB}.Debug|Any CPU.Build.0 = Debug
		{65A01864-0F66-41A9-AEE7-A3BE9AFE74AB}.Debug|Mixed Platforms.ActiveCfg = Debug
		{65A01864-0F66-41A9-AEE7-A3BE9AFE74AB}.Debug|Mixed Platforms.Build.0 = Debug
		{65A01864-0F66-41A9-AEE7-A3BE9AFE74AB}.Debug|x64.ActiveCfg = Debug
		{65A01864-0F66-41A9-AEE7-A3BE9AFE74AB}.Debug|x64.Build.0 = Debug
		{65A01864-0F66-41A9-AEE7-A3BE9AFE74AB}.MinSizeRel|Any CPU.ActiveCfg = Release  (Command Line)
		{65A01864-0F66-41A9-AEE7-A3BE9AFE74AB}.MinSizeRel|Any CPU.Build.0 = Release  (Command Line)
		{65A01864-0F66-41A9-AEE7-A3BE9AFE74AB}.MinSizeRel|Mixed Platforms.ActiveCfg = Release  (Command Line)
		{65A01864-0F66-41A9-AEE7-A3BE9AFE74AB}.MinSizeRel|Mixed Platforms.Build.0 = Release  (Command Line)
		{65A01864-0F66-41A9-AEE7-A3BE9AFE74AB}.MinSizeRel|x64.ActiveCfg = Release  (Command Line)
		{65A01864-0F66-41A9-AEE7-A3BE9AFE74AB}.MinSizeRel|x64.Build.0 = Release  (Command Line)
		{65A01864-0F66-41A9-AEE7-A3BE9AFE74AB}.Release|Any CPU.ActiveCfg = Release
		{65A01864-0F66-41A9-AEE7-A3BE9AFE74AB}.Release|Mixed Platforms.ActiveCfg = Release
		{65A01864-0F66-41A9-AEE7-A3BE9AFE74AB}.Release|x64.ActiveCfg = Release
		{65A01864-0F66-41A9-AEE7-A3BE9AFE74AB}.Release|x64.Build.0 = Release
		{65A01864-0F66-41A9-AEE7-A3BE9AFE74AB}.RelTest|Any CPU.ActiveCfg = Release
		{65A01864-0F66-41A9-AEE7-A3BE9AFE74AB}.RelTest|Any CPU.Build.0 = Release
		{65A01864-0F66-41A9-AEE7-A3BE9AFE74AB}.RelTest|Mixed Platforms.ActiveCfg = Release
		{65A01864-0F66-41A9-AEE7-A3BE9AFE74AB}.RelTest|Mixed Platforms.Build.0 = Release
		{65A01864-0F66-41A9-AEE7-A3BE9AFE74AB}.RelTest|x64.ActiveCfg = Release
		{65A01864-0F66-41A9-AEE7-A3BE9AFE74AB}.RelTest|x64.Build.0 = Release
		{65A01864-0F66-41A9-AEE7-A3BE9AFE74AB}.RelWDbg|Any CPU.ActiveCfg = Release
		{65A01864-0F66-41A9-AEE7-A3BE9AFE74AB}.RelWDbg|Any CPU.Build.0 = Release
		{65A01864-0F66-41A9-AEE7-A3BE9AFE74AB}.RelWDbg|Mixed Platforms.ActiveCfg = Release
		{65A01864-0F66-41A9-AEE7-A3BE9AFE74AB}.RelWDbg|Mixed Platforms.Build.0 = Release
		{65A01864-0F66-41A9-AEE7-A3BE9AFE74AB}.RelWDbg|x64.ActiveCfg = Release
		{65A01864-0F66-41A9-AEE7-A3BE9AFE74AB}.RelWDbg|x64.Build.0 = Release
		{65A01864-0F66-41A9-AEE7-A3BE9AFE74AB}.RelWithDebInfo|Any CPU.ActiveCfg = Release  (Command Line)
		{65A01864-0F66-41A9-AEE7-A3BE9AFE74AB}.RelWithDebInfo|Any CPU.Build.0 = Release  (Command Line)
		{65A01864-0F66-41A9-AEE7-A3BE9AFE74AB}.RelWithDebInfo|Mixed Platforms.ActiveCfg = Release  (Command Line)
		{65A01864-0F66-41A9-AEE7-A3BE9AFE74AB}.RelWithDebInfo|Mixed Platforms.Build.0 = Release  (Command Line)
		{65A01864-0F66-41A9-AEE7-A3BE9AFE74AB}.RelWithDebInfo|x64.ActiveCfg = Release  (Command Line)
		{65A01864-0F66-41A9-AEE7-A3BE9AFE74AB}.RelWithDebInfo|x64.Build.0 = Release  (Command Line)
		{65A01864-0F66-41A9-AEE7-A3BE9AFE74AB}.Win7 Debug|Any CPU.ActiveCfg = Debug
		{65A01864-0F66-41A9-AEE7-A3BE9AFE74AB}.Win7 Debug|Any CPU.Build.0 = Debug
		{65A01864-0F66-41A9-AEE7-A3BE9AFE74AB}.Win7 Debug|Mixed Platforms.ActiveCfg = Debug
		{65A01864-0F66-41A9-AEE7-A3BE9AFE74AB}.Win7 Debug|Mixed Platforms.Build.0 = Debug
		{65A01864-0F66-41A9-AEE7-A3BE9AFE74AB}.Win7 Debug|x64.ActiveCfg = Debug
		{65A01864-0F66-41A9-AEE7-A3BE9AFE74AB}.Win7 Debug|x64.Build.0 = Debug
		{65A01864-0F66-41A9-AEE7-A3BE9AFE74AB}.Win7 Release|Any CPU.ActiveCfg = Release
		{65A01864-0F66-41A9-AEE7-A3BE9AFE74AB}.Win7 Release|Any CPU.Build.0 = Release
		{65A01864-0F66-41A9-AEE7-A3BE9AFE74AB}.Win7 Release|Mixed Platforms.ActiveCfg = Release
		{65A01864-0F66-41A9-AEE7-A3BE9AFE74AB}.Win7 Release|Mixed Platforms.Build.0 = Release
		{65A01864-0F66-41A9-AEE7-A3BE9AFE74AB}.Win7 Release|x64.ActiveCfg = Release
		{65A01864-0F66-41A9-AEE7-A3BE9AFE74AB}.Win7 Release|x64.Build.0 = Release
		{65A01864-0F66-41A9-AEE7-A3BE9AFE74AB}.Win8 Debug|Any CPU.ActiveCfg = Debug
		{65A01864-0F66-41A9-AEE7-A3BE9AFE74AB}.Win8 Debug|Any CPU.Build.0 = Debug
		{65A01864-0F66-41A9-AEE7-A3BE9AFE74AB}.Win8 Debug|Mixed Platforms.ActiveCfg = Debug
		{65A01864-0F66-41A9-AEE7-A3BE9AFE74AB}.Win8 Debug|Mixed Platforms.Build.0 = Debug
		{65A01864-0F66-41A9-AEE7-A3BE9AFE74AB}.Win8 Debug|x64.ActiveCfg = Debug
		{65A01864-0F66-41A9-AEE7-A3BE9AFE74AB}.Win8 Debug|x64.Build.0 = Debug
		{65A01864-0F66-41A9-AEE7-A3BE9AFE74AB}.Win8 Release|Any CPU.ActiveCfg = Release
		{65A01864-0F66-41A9-AEE7-A3BE9AFE74AB}.Win8 Release|Any CPU.Build.0 = Release
		{65A01864-0F66-41A9-AEE7-A3BE9AFE74AB}.Win8 Release|Mixed Platforms.ActiveCfg = Release
		{65A01864-0F66-41A9-AEE7-A3BE9AFE74AB}.Win8 Release|Mixed Platforms.Build.0 = Release
		{65A01864-0F66-41A9-AEE7-A3BE9AFE74AB}.Win8 Release|x64.ActiveCfg = Release
		{65A01864-0F66-41A9-AEE7-A3BE9AFE74AB}.Win8 Release|x64.Build.0 = Release
		{65A01864-0F66-41A9-AEE7-A3BE9AFE74AB}.Win8.1 Debug|Any CPU.ActiveCfg = Debug
		{65A01864-0F66-41A9-AEE7-A3BE9AFE74AB}.Win8.1 Debug|Any CPU.Build.0 = Debug
		{65A01864-0F66-41A9-AEE7-A3BE9AFE74AB}.Win8.1 Debug|Mixed Platforms.ActiveCfg = Debug
		{65A01864-0F66-41A9-AEE7-A3BE9AFE74AB}.Win8.1 Debug|Mixed Platforms.Build.0 = Debug
		{65A01864-0F66-41A9-AEE7-A3BE9AFE74AB}.Win8.1 Debug|x64.ActiveCfg = Debug
		{65A01864-0F66-41A9-AEE7-A3BE9AFE74AB}.Win8.1 Debug|x64.Build.0 = Debug
		{65A01864-0F66-41A9-AEE7-A3BE9AFE74AB}.Win8.1 Release|Any CPU.ActiveCfg = Release
		{65A01864-0F66-41A9-AEE7-A3BE9AFE74AB}.Win8.1 Release|Any CPU.Build.0 = Release
		{65A01864-0F66-41A9-AEE7-A3BE9AFE74AB}.Win8.1 Release|Mixed Platforms.ActiveCfg = Release
		{65A01864-0F66-41A9-AEE7-A3BE9AFE74AB}.Win8.1 Release|Mixed Platforms.Build.0 = Release
		{65A01864-0F66-41A9-AEE7-A3BE9AFE74AB}.Win8.1 Release|x64.ActiveCfg = Release
		{65A01864-0F66-41A9-AEE7-A3BE9AFE74AB}.Win8.1 Release|x64.Build.0 = Release
		{0963014C-3F95-4F5A-B12A-03F6F5A1D8F0}.Debug|Any CPU.ActiveCfg = Debug|Any CPU
		{0963014C-3F95-4F5A-B12A-03F6F5A1D8F0}.Debug|Any CPU.Build.0 = Debug|Any CPU
		{0963014C-3F95-4F5A-B12A-03F6F5A1D8F0}.Debug|Mixed Platforms.ActiveCfg = Debug|Any CPU
		{0963014C-3F95-4F5A-B12A-03F6F5A1D8F0}.Debug|Mixed Platforms.Build.0 = Debug|Any CPU
		{0963014C-3F95-4F5A-B12A-03F6F5A1D8F0}.Debug|x64.ActiveCfg = Debug|Any CPU
		{0963014C-3F95-4F5A-B12A-03F6F5A1D8F0}.MinSizeRel|Any CPU.ActiveCfg = Release|Any CPU
		{0963014C-3F95-4F5A-B12A-03F6F5A1D8F0}.MinSizeRel|Any CPU.Build.0 = Release|Any CPU
		{0963014C-3F95-4F5A-B12A-03F6F5A1D8F0}.MinSizeRel|Mixed Platforms.ActiveCfg = Release|Any CPU
		{0963014C-3F95-4F5A-B12A-03F6F5A1D8F0}.MinSizeRel|Mixed Platforms.Build.0 = Release|Any CPU
		{0963014C-3F95-4F5A-B12A-03F6F5A1D8F0}.MinSizeRel|x64.ActiveCfg = Release|Any CPU
		{0963014C-3F95-4F5A-B12A-03F6F5A1D8F0}.MinSizeRel|x64.Build.0 = Release|Any CPU
		{0963014C-3F95-4F5A-B12A-03F6F5A1D8F0}.Release|Any CPU.ActiveCfg = Release|Any CPU
		{0963014C-3F95-4F5A-B12A-03F6F5A1D8F0}.Release|Any CPU.Build.0 = Release|Any CPU
		{0963014C-3F95-4F5A-B12A-03F6F5A1D8F0}.Release|Mixed Platforms.ActiveCfg = Release|Any CPU
		{0963014C-3F95-4F5A-B12A-03F6F5A1D8F0}.Release|Mixed Platforms.Build.0 = Release|Any CPU
		{0963014C-3F95-4F5A-B12A-03F6F5A1D8F0}.Release|x64.ActiveCfg = Release|Any CPU
		{0963014C-3F95-4F5A-B12A-03F6F5A1D8F0}.RelTest|Any CPU.ActiveCfg = Release|Any CPU
		{0963014C-3F95-4F5A-B12A-03F6F5A1D8F0}.RelTest|Any CPU.Build.0 = Release|Any CPU
		{0963014C-3F95-4F5A-B12A-03F6F5A1D8F0}.RelTest|Mixed Platforms.ActiveCfg = Release|Any CPU
		{0963014C-3F95-4F5A-B12A-03F6F5A1D8F0}.RelTest|Mixed Platforms.Build.0 = Release|Any CPU
		{0963014C-3F95-4F5A-B12A-03F6F5A1D8F0}.RelTest|x64.ActiveCfg = Release|Any CPU
		{0963014C-3F95-4F5A-B12A-03F6F5A1D8F0}.RelWDbg|Any CPU.ActiveCfg = Release|Any CPU
		{0963014C-3F95-4F5A-B12A-03F6F5A1D8F0}.RelWDbg|Any CPU.Build.0 = Release|Any CPU
		{0963014C-3F95-4F5A-B12A-03F6F5A1D8F0}.RelWDbg|Mixed Platforms.ActiveCfg = Release|Any CPU
		{0963014C-3F95-4F5A-B12A-03F6F5A1D8F0}.RelWDbg|Mixed Platforms.Build.0 = Release|Any CPU
		{0963014C-3F95-4F5A-B12A-03F6F5A1D8F0}.RelWDbg|x64.ActiveCfg = Release|Any CPU
		{0963014C-3F95-4F5A-B12A-03F6F5A1D8F0}.RelWithDebInfo|Any CPU.ActiveCfg = Release|Any CPU
		{0963014C-3F95-4F5A-B12A-03F6F5A1D8F0}.RelWithDebInfo|Any CPU.Build.0 = Release|Any CPU
		{0963014C-3F95-4F5A-B12A-03F6F5A1D8F0}.RelWithDebInfo|Mixed Platforms.ActiveCfg = Release|Any CPU
		{0963014C-3F95-4F5A-B12A-03F6F5A1D8F0}.RelWithDebInfo|Mixed Platforms.Build.0 = Release|Any CPU
		{0963014C-3F95-4F5A-B12A-03F6F5A1D8F0}.RelWithDebInfo|x64.ActiveCfg = Release|Any CPU
		{0963014C-3F95-4F5A-B12A-03F6F5A1D8F0}.RelWithDebInfo|x64.Build.0 = Release|Any CPU
		{0963014C-3F95-4F5A-B12A-03F6F5A1D8F0}.Win7 Debug|Any CPU.ActiveCfg = Debug|Any CPU
		{0963014C-3F95-4F5A-B12A-03F6F5A1D8F0}.Win7 Debug|Any CPU.Build.0 = Debug|Any CPU
		{0963014C-3F95-4F5A-B12A-03F6F5A1D8F0}.Win7 Debug|Mixed Platforms.ActiveCfg = Debug|Any CPU
		{0963014C-3F95-4F5A-B12A-03F6F5A1D8F0}.Win7 Debug|Mixed Platforms.Build.0 = Debug|Any CPU
		{0963014C-3F95-4F5A-B12A-03F6F5A1D8F0}.Win7 Debug|x64.ActiveCfg = Debug|Any CPU
		{0963014C-3F95-4F5A-B12A-03F6F5A1D8F0}.Win7 Release|Any CPU.ActiveCfg = Release|Any CPU
		{0963014C-3F95-4F5A-B12A-03F6F5A1D8F0}.Win7 Release|Any CPU.Build.0 = Release|Any CPU
		{0963014C-3F95-4F5A-B12A-03F6F5A1D8F0}.Win7 Release|Mixed Platforms.ActiveCfg = Release|Any CPU
		{0963014C-3F95-4F5A-B12A-03F6F5A1D8F0}.Win7 Release|Mixed Platforms.Build.0 = Release|Any CPU
		{0963014C-3F95-4F5A-B12A-03F6F5A1D8F0}.Win7 Release|x64.ActiveCfg = Release|Any CPU
		{0963014C-3F95-4F5A-B12A-03F6F5A1D8F0}.Win8 Debug|Any CPU.ActiveCfg = Debug|Any CPU
		{0963014C-3F95-4F5A-B12A-03F6F5A1D8F0}.Win8 Debug|Any CPU.Build.0 = Debug|Any CPU
		{0963014C-3F95-4F5A-B12A-03F6F5A1D8F0}.Win8 Debug|Mixed Platforms.ActiveCfg = Debug|Any CPU
		{0963014C-3F95-4F5A-B12A-03F6F5A1D8F0}.Win8 Debug|Mixed Platforms.Build.0 = Debug|Any CPU
		{0963014C-3F95-4F5A-B12A-03F6F5A1D8F0}.Win8 Debug|x64.ActiveCfg = Debug|Any CPU
		{0963014C-3F95-4F5A-B12A-03F6F5A1D8F0}.Win8 Release|Any CPU.ActiveCfg = Release|Any CPU
		{0963014C-3F95-4F5A-B12A-03F6F5A1D8F0}.Win8 Release|Any CPU.Build.0 = Release|Any CPU
		{0963014C-3F95-4F5A-B12A-03F6F5A1D8F0}.Win8 Release|Mixed Platforms.ActiveCfg = Release|Any CPU
		{0963014C-3F95-4F5A-B12A-03F6F5A1D8F0}.Win8 Release|Mixed Platforms.Build.0 = Release|Any CPU
		{0963014C-3F95-4F5A-B12A-03F6F5A1D8F0}.Win8 Release|x64.ActiveCfg = Release|Any CPU
		{0963014C-3F95-4F5A-B12A-03F6F5A1D8F0}.Win8.1 Debug|Any CPU.ActiveCfg = Debug|Any CPU
		{0963014C-3F95-4F5A-B12A-03F6F5A1D8F0}.Win8.1 Debug|Any CPU.Build.0 = Debug|Any CPU
		{0963014C-3F95-4F5A-B12A-03F6F5A1D8F0}.Win8.1 Debug|Mixed Platforms.ActiveCfg = Debug|Any CPU
		{0963014C-3F95-4F5A-B12A-03F6F5A1D8F0}.Win8.1 Debug|Mixed Platforms.Build.0 = Debug|Any CPU
		{0963014C-3F95-4F5A-B12A-03F6F5A1D8F0}.Win8.1 Debug|x64.ActiveCfg = Debug|Any CPU
		{0963014C-3F95-4F5A-B12A-03F6F5A1D8F0}.Win8.1 Release|Any CPU.ActiveCfg = Release|Any CPU
		{0963014C-3F95-4F5A-B12A-03F6F5A1D8F0}.Win8.1 Release|Any CPU.Build.0 = Release|Any CPU
		{0963014C-3F95-4F5A-B12A-03F6F5A1D8F0}.Win8.1 Release|Mixed Platforms.ActiveCfg = Release|Any CPU
		{0963014C-3F95-4F5A-B12A-03F6F5A1D8F0}.Win8.1 Release|Mixed Platforms.Build.0 = Release|Any CPU
		{0963014C-3F95-4F5A-B12A-03F6F5A1D8F0}.Win8.1 Release|x64.ActiveCfg = Release|Any CPU
		{5C25329D-774A-46C8-B52F-66DFD281E9CF}.Debug|Any CPU.ActiveCfg = Debug|Any CPU
		{5C25329D-774A-46C8-B52F-66DFD281E9CF}.Debug|Any CPU.Build.0 = Debug|Any CPU
		{5C25329D-774A-46C8-B52F-66DFD281E9CF}.Debug|Mixed Platforms.ActiveCfg = Debug|Any CPU
		{5C25329D-774A-46C8-B52F-66DFD281E9CF}.Debug|Mixed Platforms.Build.0 = Debug|Any CPU
		{5C25329D-774A-46C8-B52F-66DFD281E9CF}.Debug|x64.ActiveCfg = Debug|Any CPU
		{5C25329D-774A-46C8-B52F-66DFD281E9CF}.MinSizeRel|Any CPU.ActiveCfg = Release|Any CPU
		{5C25329D-774A-46C8-B52F-66DFD281E9CF}.MinSizeRel|Any CPU.Build.0 = Release|Any CPU
		{5C25329D-774A-46C8-B52F-66DFD281E9CF}.MinSizeRel|Mixed Platforms.ActiveCfg = Release|Any CPU
		{5C25329D-774A-46C8-B52F-66DFD281E9CF}.MinSizeRel|Mixed Platforms.Build.0 = Release|Any CPU
		{5C25329D-774A-46C8-B52F-66DFD281E9CF}.MinSizeRel|x64.ActiveCfg = Release|Any CPU
		{5C25329D-774A-46C8-B52F-66DFD281E9CF}.MinSizeRel|x64.Build.0 = Release|Any CPU
		{5C25329D-774A-46C8-B52F-66DFD281E9CF}.Release|Any CPU.ActiveCfg = Release|Any CPU
		{5C25329D-774A-46C8-B52F-66DFD281E9CF}.Release|Any CPU.Build.0 = Release|Any CPU
		{5C25329D-774A-46C8-B52F-66DFD281E9CF}.Release|Mixed Platforms.ActiveCfg = Release|Any CPU
		{5C25329D-774A-46C8-B52F-66DFD281E9CF}.Release|Mixed Platforms.Build.0 = Release|Any CPU
		{5C25329D-774A-46C8-B52F-66DFD281E9CF}.Release|x64.ActiveCfg = Release|Any CPU
		{5C25329D-774A-46C8-B52F-66DFD281E9CF}.RelTest|Any CPU.ActiveCfg = Release|Any CPU
		{5C25329D-774A-46C8-B52F-66DFD281E9CF}.RelTest|Any CPU.Build.0 = Release|Any CPU
		{5C25329D-774A-46C8-B52F-66DFD281E9CF}.RelTest|Mixed Platforms.ActiveCfg = Release|Any CPU
		{5C25329D-774A-46C8-B52F-66DFD281E9CF}.RelTest|Mixed Platforms.Build.0 = Release|Any CPU
		{5C25329D-774A-46C8-B52F-66DFD281E9CF}.RelTest|x64.ActiveCfg = Release|Any CPU
		{5C25329D-774A-46C8-B52F-66DFD281E9CF}.RelWDbg|Any CPU.ActiveCfg = Release|Any CPU
		{5C25329D-774A-46C8-B52F-66DFD281E9CF}.RelWDbg|Any CPU.Build.0 = Release|Any CPU
		{5C25329D-774A-46C8-B52F-66DFD281E9CF}.RelWDbg|Mixed Platforms.ActiveCfg = Release|Any CPU
		{5C25329D-774A-46C8-B52F-66DFD281E9CF}.RelWDbg|Mixed Platforms.Build.0 = Release|Any CPU
		{5C25329D-774A-46C8-B52F-66DFD281E9CF}.RelWDbg|x64.ActiveCfg = Release|Any CPU
		{5C25329D-774A-46C8-B52F-66DFD281E9CF}.RelWithDebInfo|Any CPU.ActiveCfg = Release|Any CPU
		{5C25329D-774A-46C8-B52F-66DFD281E9CF}.RelWithDebInfo|Any CPU.Build.0 = Release|Any CPU
		{5C25329D-774A-46C8-B52F-66DFD281E9CF}.RelWithDebInfo|Mixed Platforms.ActiveCfg = Release|Any CPU
		{5C25329D-774A-46C8-B52F-66DFD281E9CF}.RelWithDebInfo|Mixed Platforms.Build.0 = Release|Any CPU
		{5C25329D-774A-46C8-B52F-66DFD281E9CF}.RelWithDebInfo|x64.ActiveCfg = Release|Any CPU
		{5C25329D-774A-46C8-B52F-66DFD281E9CF}.RelWithDebInfo|x64.Build.0 = Release|Any CPU
		{5C25329D-774A-46C8-B52F-66DFD281E9CF}.Win7 Debug|Any CPU.ActiveCfg = Debug|Any CPU
		{5C25329D-774A-46C8-B52F-66DFD281E9CF}.Win7 Debug|Any CPU.Build.0 = Debug|Any CPU
		{5C25329D-774A-46C8-B52F-66DFD281E9CF}.Win7 Debug|Mixed Platforms.ActiveCfg = Debug|Any CPU
		{5C25329D-774A-46C8-B52F-66DFD281E9CF}.Win7 Debug|Mixed Platforms.Build.0 = Debug|Any CPU
		{5C25329D-774A-46C8-B52F-66DFD281E9CF}.Win7 Debug|x64.ActiveCfg = Debug|Any CPU
		{5C25329D-774A-46C8-B52F-66DFD281E9CF}.Win7 Release|Any CPU.ActiveCfg = Release|Any CPU
		{5C25329D-774A-46C8-B52F-66DFD281E9CF}.Win7 Release|Any CPU.Build.0 = Release|Any CPU
		{5C25329D-774A-46C8-B52F-66DFD281E9CF}.Win7 Release|Mixed Platforms.ActiveCfg = Release|Any CPU
		{5C25329D-774A-46C8-B52F-66DFD281E9CF}.Win7 Release|Mixed Platforms.Build.0 = Release|Any CPU
		{5C25329D-774A-46C8-B52F-66DFD281E9CF}.Win7 Release|x64.ActiveCfg = Release|Any CPU
		{5C25329D-774A-46C8-B52F-66DFD281E9CF}.Win8 Debug|Any CPU.ActiveCfg = Debug|Any CPU
		{5C25329D-774A-46C8-B52F-66DFD281E9CF}.Win8 Debug|Any CPU.Build.0 = Debug|Any CPU
		{5C25329D-774A-46C8-B52F-66DFD281E9CF}.Win8 Debug|Mixed Platforms.ActiveCfg = Debug|Any CPU
		{5C25329D-774A-46C8-B52F-66DFD281E9CF}.Win8 Debug|Mixed Platforms.Build.0 = Debug|Any CPU
		{5C25329D-774A-46C8-B52F-66DFD281E9CF}.Win8 Debug|x64.ActiveCfg = Debug|Any CPU
		{5C25329D-774A-46C8-B52F-66DFD281E9CF}.Win8 Release|Any CPU.ActiveCfg = Release|Any CPU
		{5C25329D-774A-46C8-B52F-66DFD281E9CF}.Win8 Release|Any CPU.Build.0 = Release|Any CPU
		{5C25329D-774A-46C8-B52F-66DFD281E9CF}.Win8 Release|Mixed Platforms.ActiveCfg = Release|Any CPU
		{5C25329D-774A-46C8-B52F-66DFD281E9CF}.Win8 Release|Mixed Platforms.Build.0 = Release|Any CPU
		{5C25329D-774A-46C8-B52F-66DFD281E9CF}.Win8 Release|x64.ActiveCfg = Release|Any CPU
		{5C25329D-774A-46C8-B52F-66DFD281E9CF}.Win8.1 Debug|Any CPU.ActiveCfg = Debug|Any CPU
		{5C25329D-774A-46C8-B52F-66DFD281E9CF}.Win8.1 Debug|Any CPU.Build.0 = Debug|Any CPU
		{5C25329D-774A-46C8-B52F-66DFD281E9CF}.Win8.1 Debug|Mixed Platforms.ActiveCfg = Debug|Any CPU
		{5C25329D-774A-46C8-B52F-66DFD281E9CF}.Win8.1 Debug|Mixed Platforms.Build.0 = Debug|Any CPU
		{5C25329D-774A-46C8-B52F-66DFD281E9CF}.Win8.1 Debug|x64.ActiveCfg = Debug|Any CPU
		{5C25329D-774A-46C8-B52F-66DFD281E9CF}.Win8.1 Release|Any CPU.ActiveCfg = Release|Any CPU
		{5C25329D-774A-46C8-B52F-66DFD281E9CF}.Win8.1 Release|Any CPU.Build.0 = Release|Any CPU
		{5C25329D-774A-46C8-B52F-66DFD281E9CF}.Win8.1 Release|Mixed Platforms.ActiveCfg = Release|Any CPU
		{5C25329D-774A-46C8-B52F-66DFD281E9CF}.Win8.1 Release|Mixed Platforms.Build.0 = Release|Any CPU
		{5C25329D-774A-46C8-B52F-66DFD281E9CF}.Win8.1 Release|x64.ActiveCfg = Release|Any CPU
		{1047DF1D-629E-4407-B969-57F2770D687B}.Debug|Any CPU.ActiveCfg = Debug|Any CPU
		{1047DF1D-629E-4407-B969-57F2770D687B}.Debug|Any CPU.Build.0 = Debug|Any CPU
		{1047DF1D-629E-4407-B969-57F2770D687B}.Debug|Mixed Platforms.ActiveCfg = Debug|Any CPU
		{1047DF1D-629E-4407-B969-57F2770D687B}.Debug|Mixed Platforms.Build.0 = Debug|Any CPU
		{1047DF1D-629E-4407-B969-57F2770D687B}.Debug|x64.ActiveCfg = Debug|Any CPU
		{1047DF1D-629E-4407-B969-57F2770D687B}.MinSizeRel|Any CPU.ActiveCfg = Release|Any CPU
		{1047DF1D-629E-4407-B969-57F2770D687B}.MinSizeRel|Any CPU.Build.0 = Release|Any CPU
		{1047DF1D-629E-4407-B969-57F2770D687B}.MinSizeRel|Mixed Platforms.ActiveCfg = Release|Any CPU
		{1047DF1D-629E-4407-B969-57F2770D687B}.MinSizeRel|Mixed Platforms.Build.0 = Release|Any CPU
		{1047DF1D-629E-4407-B969-57F2770D687B}.MinSizeRel|x64.ActiveCfg = Release|Any CPU
		{1047DF1D-629E-4407-B969-57F2770D687B}.MinSizeRel|x64.Build.0 = Release|Any CPU
		{1047DF1D-629E-4407-B969-57F2770D687B}.Release|Any CPU.ActiveCfg = Release|Any CPU
		{1047DF1D-629E-4407-B969-57F2770D687B}.Release|Any CPU.Build.0 = Release|Any CPU
		{1047DF1D-629E-4407-B969-57F2770D687B}.Release|Mixed Platforms.ActiveCfg = Release|Any CPU
		{1047DF1D-629E-4407-B969-57F2770D687B}.Release|Mixed Platforms.Build.0 = Release|Any CPU
		{1047DF1D-629E-4407-B969-57F2770D687B}.Release|x64.ActiveCfg = Release|Any CPU
		{1047DF1D-629E-4407-B969-57F2770D687B}.RelTest|Any CPU.ActiveCfg = Release|Any CPU
		{1047DF1D-629E-4407-B969-57F2770D687B}.RelTest|Any CPU.Build.0 = Release|Any CPU
		{1047DF1D-629E-4407-B969-57F2770D687B}.RelTest|Mixed Platforms.ActiveCfg = Release|Any CPU
		{1047DF1D-629E-4407-B969-57F2770D687B}.RelTest|Mixed Platforms.Build.0 = Release|Any CPU
		{1047DF1D-629E-4407-B969-57F2770D687B}.RelTest|x64.ActiveCfg = Release|Any CPU
		{1047DF1D-629E-4407-B969-57F2770D687B}.RelWDbg|Any CPU.ActiveCfg = Release|Any CPU
		{1047DF1D-629E-4407-B969-57F2770D687B}.RelWDbg|Any CPU.Build.0 = Release|Any CPU
		{1047DF1D-629E-4407-B969-57F2770D687B}.RelWDbg|Mixed Platforms.ActiveCfg = Release|Any CPU
		{1047DF1D-629E-4407-B969-57F2770D687B}.RelWDbg|Mixed Platforms.Build.0 = Release|Any CPU
		{1047DF1D-629E-4407-B969-57F2770D687B}.RelWDbg|x64.ActiveCfg = Release|Any CPU
		{1047DF1D-629E-4407-B969-57F2770D687B}.RelWithDebInfo|Any CPU.ActiveCfg = Release|Any CPU
		{1047DF1D-629E-4407-B969-57F2770D687B}.RelWithDebInfo|Any CPU.Build.0 = Release|Any CPU
		{1047DF1D-629E-4407-B969-57F2770D687B}.RelWithDebInfo|Mixed Platforms.ActiveCfg = Release|Any CPU
		{1047DF1D-629E-4407-B969-57F2770D687B}.RelWithDebInfo|Mixed Platforms.Build.0 = Release|Any CPU
		{1047DF1D-629E-4407-B969-57F2770D687B}.RelWithDebInfo|x64.ActiveCfg = Release|Any CPU
		{1047DF1D-629E-4407-B969-57F2770D687B}.RelWithDebInfo|x64.Build.0 = Release|Any CPU
		{1047DF1D-629E-4407-B969-57F2770D687B}.Win7 Debug|Any CPU.ActiveCfg = Debug|Any CPU
		{1047DF1D-629E-4407-B969-57F2770D687B}.Win7 Debug|Any CPU.Build.0 = Debug|Any CPU
		{1047DF1D-629E-4407-B969-57F2770D687B}.Win7 Debug|Mixed Platforms.ActiveCfg = Debug|Any CPU
		{1047DF1D-629E-4407-B969-57F2770D687B}.Win7 Debug|Mixed Platforms.Build.0 = Debug|Any CPU
		{1047DF1D-629E-4407-B969-57F2770D687B}.Win7 Debug|x64.ActiveCfg = Debug|Any CPU
		{1047DF1D-629E-4407-B969-57F2770D687B}.Win7 Release|Any CPU.ActiveCfg = Release|Any CPU
		{1047DF1D-629E-4407-B969-57F2770D687B}.Win7 Release|Any CPU.Build.0 = Release|Any CPU
		{1047DF1D-629E-4407-B969-57F2770D687B}.Win7 Release|Mixed Platforms.ActiveCfg = Release|Any CPU
		{1047DF1D-629E-4407-B969-57F2770D687B}.Win7 Release|Mixed Platforms.Build.0 = Release|Any CPU
		{1047DF1D-629E-4407-B969-57F2770D687B}.Win7 Release|x64.ActiveCfg = Release|Any CPU
		{1047DF1D-629E-4407-B969-57F2770D687B}.Win8 Debug|Any CPU.ActiveCfg = Debug|Any CPU
		{1047DF1D-629E-4407-B969-57F2770D687B}.Win8 Debug|Any CPU.Build.0 = Debug|Any CPU
		{1047DF1D-629E-4407-B969-57F2770D687B}.Win8 Debug|Mixed Platforms.ActiveCfg = Debug|Any CPU
		{1047DF1D-629E-4407-B969-57F2770D687B}.Win8 Debug|Mixed Platforms.Build.0 = Debug|Any CPU
		{1047DF1D-629E-4407-B969-57F2770D687B}.Win8 Debug|x64.ActiveCfg = Debug|Any CPU
		{1047DF1D-629E-4407-B969-57F2770D687B}.Win8 Release|Any CPU.ActiveCfg = Release|Any CPU
		{1047DF1D-629E-4407-B969-57F2770D687B}.Win8 Release|Any CPU.Build.0 = Release|Any CPU
		{1047DF1D-629E-4407-B969-57F2770D687B}.Win8 Release|Mixed Platforms.ActiveCfg = Release|Any CPU
		{1047DF1D-629E-4407-B969-57F2770D687B}.Win8 Release|Mixed Platforms.Build.0 = Release|Any CPU
		{1047DF1D-629E-4407-B969-57F2770D687B}.Win8 Release|x64.ActiveCfg = Release|Any CPU
		{1047DF1D-629E-4407-B969-57F2770D687B}.Win8.1 Debug|Any CPU.ActiveCfg = Debug|Any CPU
		{1047DF1D-629E-4407-B969-57F2770D687B}.Win8.1 Debug|Any CPU.Build.0 = Debug|Any CPU
		{1047DF1D-629E-4407-B969-57F2770D687B}.Win8.1 Debug|Mixed Platforms.ActiveCfg = Debug|Any CPU
		{1047DF1D-629E-4407-B969-57F2770D687B}.Win8.1 Debug|Mixed Platforms.Build.0 = Debug|Any CPU
		{1047DF1D-629E-4407-B969-57F2770D687B}.Win8.1 Debug|x64.ActiveCfg = Debug|Any CPU
		{1047DF1D-629E-4407-B969-57F2770D687B}.Win8.1 Release|Any CPU.ActiveCfg = Release|Any CPU
		{1047DF1D-629E-4407-B969-57F2770D687B}.Win8.1 Release|Any CPU.Build.0 = Release|Any CPU
		{1047DF1D-629E-4407-B969-57F2770D687B}.Win8.1 Release|Mixed Platforms.ActiveCfg = Release|Any CPU
		{1047DF1D-629E-4407-B969-57F2770D687B}.Win8.1 Release|Mixed Platforms.Build.0 = Release|Any CPU
		{1047DF1D-629E-4407-B969-57F2770D687B}.Win8.1 Release|x64.ActiveCfg = Release|Any CPU
	EndGlobalSection
	GlobalSection(SolutionProperties) = preSolution
		HideSolutionNode = FALSE
	EndGlobalSection
	GlobalSection(ExtensibilityGlobals) = postSolution
		SolutionGuid = {929432CD-9281-4629-A463-B40F9B2D7088}
	EndGlobalSection
EndGlobal
